// !$*UTF8*$!
{
	archiveVersion = 1;
	classes = {
	};
	objectVersion = 46;
	objects = {

/* Begin PBXBuildFile section */
		513BDABF2074EEFFFE4284E6 /* libPods-MVVMBaseProjectTests.a in Frameworks */ = {isa = PBXBuildFile; fileRef = A70C326F7C0C08FEF6A0EFF5 /* libPods-MVVMBaseProjectTests.a */; };
		7FC837364AAAA6805D4C0DF7 /* libPods-MVVMBaseProjectUITests.a in Frameworks */ = {isa = PBXBuildFile; fileRef = E98DD005318C6E3E76714EA7 /* libPods-MVVMBaseProjectUITests.a */; };
		BF44CA2A1EA0848500EA4054 /* ALShowMessageView.m in Sources */ = {isa = PBXBuildFile; fileRef = BF44CA291EA0848500EA4054 /* ALShowMessageView.m */; };
		BF6667441ECAE5FB009D7CE6 /* ALUserModel.m in Sources */ = {isa = PBXBuildFile; fileRef = BF6667431ECAE5FB009D7CE6 /* ALUserModel.m */; };
		BF66674C1ECAEECC009D7CE6 /* NSDictionary+NetParams.m in Sources */ = {isa = PBXBuildFile; fileRef = BF66674B1ECAEECC009D7CE6 /* NSDictionary+NetParams.m */; };
		BF8731D11EA48B5B0001270A /* UIImage+ResetSize.m in Sources */ = {isa = PBXBuildFile; fileRef = BF8731D01EA48B5B0001270A /* UIImage+ResetSize.m */; };
		BF8731D91EA49AF90001270A /* ALCollectionViewController.m in Sources */ = {isa = PBXBuildFile; fileRef = BF8731D81EA49AF90001270A /* ALCollectionViewController.m */; };
		BF8731DC1EA49B100001270A /* ALCollectionViewModel.m in Sources */ = {isa = PBXBuildFile; fileRef = BF8731DB1EA49B100001270A /* ALCollectionViewModel.m */; };
		BF8731DF1EA4A5BC0001270A /* OneModel.m in Sources */ = {isa = PBXBuildFile; fileRef = BF8731DE1EA4A5BC0001270A /* OneModel.m */; };
		BF8731E21EA4A7100001270A /* OneCollectionViewCell.m in Sources */ = {isa = PBXBuildFile; fileRef = BF8731E11EA4A7100001270A /* OneCollectionViewCell.m */; };
		BF8731EB1EA4B8660001270A /* ALFileManager.m in Sources */ = {isa = PBXBuildFile; fileRef = BF8731EA1EA4B8660001270A /* ALFileManager.m */; };
		BF8731EE1EA4C4EA0001270A /* ALAlertController.m in Sources */ = {isa = PBXBuildFile; fileRef = BF8731ED1EA4C4EA0001270A /* ALAlertController.m */; };
		BF87320F1EA4C63F0001270A /* UIButton+JKTouchAreaInsets.m in Sources */ = {isa = PBXBuildFile; fileRef = BF8731F01EA4C63F0001270A /* UIButton+JKTouchAreaInsets.m */; };
		BF8732101EA4C63F0001270A /* NSDate+JKUtilities.m in Sources */ = {isa = PBXBuildFile; fileRef = BF8731F21EA4C63F0001270A /* NSDate+JKUtilities.m */; };
		BF8732111EA4C63F0001270A /* UIDevice+YYAdd.m in Sources */ = {isa = PBXBuildFile; fileRef = BF8731F41EA4C63F0001270A /* UIDevice+YYAdd.m */; };
		BF8732131EA4C63F0001270A /* NSString+JKSize.m in Sources */ = {isa = PBXBuildFile; fileRef = BF8731F81EA4C63F0001270A /* NSString+JKSize.m */; };
		BF8732141EA4C63F0001270A /* UIColor+JKHEX.m in Sources */ = {isa = PBXBuildFile; fileRef = BF8731FA1EA4C63F0001270A /* UIColor+JKHEX.m */; };
		BF8732151EA4C63F0001270A /* NSArray+JKSafeAccess.m in Sources */ = {isa = PBXBuildFile; fileRef = BF8731FC1EA4C63F0001270A /* NSArray+JKSafeAccess.m */; };
		BF8732161EA4C63F0001270A /* NSDictionary+JKSafeAccess.m in Sources */ = {isa = PBXBuildFile; fileRef = BF8731FE1EA4C63F0001270A /* NSDictionary+JKSafeAccess.m */; };
		BF8732181EA4C63F0001270A /* UIView+ALFrame.m in Sources */ = {isa = PBXBuildFile; fileRef = BF8732021EA4C63F0001270A /* UIView+ALFrame.m */; };
		BF8732191EA4C63F0001270A /* UIImage+ALColor.m in Sources */ = {isa = PBXBuildFile; fileRef = BF8732041EA4C63F0001270A /* UIImage+ALColor.m */; };
		BF87321B1EA4C63F0001270A /* NSObject+ALUserDefault.m in Sources */ = {isa = PBXBuildFile; fileRef = BF8732081EA4C63F0001270A /* NSObject+ALUserDefault.m */; };
		BF87321C1EA4C63F0001270A /* UIButton+ALCountDown.m in Sources */ = {isa = PBXBuildFile; fileRef = BF87320A1EA4C63F0001270A /* UIButton+ALCountDown.m */; };
		BF87321D1EA4C63F0001270A /* UIFont+DeviceSize.m in Sources */ = {isa = PBXBuildFile; fileRef = BF87320C1EA4C63F0001270A /* UIFont+DeviceSize.m */; };
		BF8732211EA4CC9C0001270A /* ALNativeLocation.m in Sources */ = {isa = PBXBuildFile; fileRef = BF8732201EA4CC9C0001270A /* ALNativeLocation.m */; };
		BF8732261EA4CD5E0001270A /* CommonTools.m in Sources */ = {isa = PBXBuildFile; fileRef = BF8732231EA4CD5E0001270A /* CommonTools.m */; };
		BF8732271EA4CD5E0001270A /* RACCommonTools.m in Sources */ = {isa = PBXBuildFile; fileRef = BF8732251EA4CD5E0001270A /* RACCommonTools.m */; };
		BF87322A1EA4CDC30001270A /* ALImagePickerController.m in Sources */ = {isa = PBXBuildFile; fileRef = BF8732291EA4CDC30001270A /* ALImagePickerController.m */; };
		BF87322D1EA4CE7B0001270A /* QRViewController.m in Sources */ = {isa = PBXBuildFile; fileRef = BF87322C1EA4CE7B0001270A /* QRViewController.m */; };
		BF8975F01E9DFEF800592D60 /* OneViewModel.m in Sources */ = {isa = PBXBuildFile; fileRef = BF8975EF1E9DFEF800592D60 /* OneViewModel.m */; };
		BF8975F31E9DFF0500592D60 /* TwoViewModel.m in Sources */ = {isa = PBXBuildFile; fileRef = BF8975F21E9DFF0500592D60 /* TwoViewModel.m */; };
		BF8975F61E9DFF1000592D60 /* ThreeViewModel.m in Sources */ = {isa = PBXBuildFile; fileRef = BF8975F51E9DFF1000592D60 /* ThreeViewModel.m */; };
		BF8975F91E9DFF1B00592D60 /* FourViewModel.m in Sources */ = {isa = PBXBuildFile; fileRef = BF8975F81E9DFF1B00592D60 /* FourViewModel.m */; };
		BF8976001E9E1B2A00592D60 /* TwoViewController.m in Sources */ = {isa = PBXBuildFile; fileRef = BF8975FF1E9E1B2A00592D60 /* TwoViewController.m */; };
		BF8976051E9E1B4400592D60 /* ThreeViewController.m in Sources */ = {isa = PBXBuildFile; fileRef = BF8976041E9E1B4400592D60 /* ThreeViewController.m */; };
		BF8976091E9E1B4D00592D60 /* FourViewController.m in Sources */ = {isa = PBXBuildFile; fileRef = BF8976081E9E1B4D00592D60 /* FourViewController.m */; };
		BF89760C1E9E1B6200592D60 /* OneViewController.m in Sources */ = {isa = PBXBuildFile; fileRef = BF89760B1E9E1B6200592D60 /* OneViewController.m */; };
		BF8976101E9E1B8700592D60 /* ALBaseViewController.m in Sources */ = {isa = PBXBuildFile; fileRef = BF89760F1E9E1B8700592D60 /* ALBaseViewController.m */; };
		BF8976131E9E1C5600592D60 /* ALTabBarController.m in Sources */ = {isa = PBXBuildFile; fileRef = BF8976121E9E1C5600592D60 /* ALTabBarController.m */; };
		BF8976161E9E1D1500592D60 /* ALNavigationController.m in Sources */ = {isa = PBXBuildFile; fileRef = BF8976151E9E1D1500592D60 /* ALNavigationController.m */; };
		BF8976191E9E207000592D60 /* ALTabBarViewModel.m in Sources */ = {isa = PBXBuildFile; fileRef = BF8976181E9E207000592D60 /* ALTabBarViewModel.m */; };
		BF8976201E9E2FDD00592D60 /* ALNavigationControllerStack.m in Sources */ = {isa = PBXBuildFile; fileRef = BF89761F1E9E2FDD00592D60 /* ALNavigationControllerStack.m */; };
		BF8976281E9F160700592D60 /* ALViewRouter.m in Sources */ = {isa = PBXBuildFile; fileRef = BF8976271E9F160700592D60 /* ALViewRouter.m */; };
		BF89762B1E9F57F100592D60 /* ALTableViewController.m in Sources */ = {isa = PBXBuildFile; fileRef = BF89762A1E9F57F100592D60 /* ALTableViewController.m */; };
		BF89762E1E9F585700592D60 /* ALTableViewModel.m in Sources */ = {isa = PBXBuildFile; fileRef = BF89762D1E9F585700592D60 /* ALTableViewModel.m */; };
		BF8976311E9F6BE800592D60 /* TwoTableViewCell.m in Sources */ = {isa = PBXBuildFile; fileRef = BF8976301E9F6BE800592D60 /* TwoTableViewCell.m */; };
		BF8976351E9F70C800592D60 /* TwoModel.m in Sources */ = {isa = PBXBuildFile; fileRef = BF8976341E9F70C800592D60 /* TwoModel.m */; };
		BF8976431EA0631300592D60 /* ALViewModelServicesImpl.m in Sources */ = {isa = PBXBuildFile; fileRef = BF8976421EA0631300592D60 /* ALViewModelServicesImpl.m */; };
		BF8976471EA068A100592D60 /* ALNetworkServicelmpl.m in Sources */ = {isa = PBXBuildFile; fileRef = BF8976461EA068A100592D60 /* ALNetworkServicelmpl.m */; };
		BF9E07F51EA757110075EB45 /* ALScrollViewController.m in Sources */ = {isa = PBXBuildFile; fileRef = BF9E07F41EA757110075EB45 /* ALScrollViewController.m */; };
		BF9E07F81EA757260075EB45 /* ALScrollViewModel.m in Sources */ = {isa = PBXBuildFile; fileRef = BF9E07F71EA757260075EB45 /* ALScrollViewModel.m */; };
		BF9E08001EA75CC90075EB45 /* ThreeModel.m in Sources */ = {isa = PBXBuildFile; fileRef = BF9E07FF1EA75CC90075EB45 /* ThreeModel.m */; };
		BF9E080E1EA8B6C10075EB45 /* OneView.m in Sources */ = {isa = PBXBuildFile; fileRef = BF9E080D1EA8B6C10075EB45 /* OneView.m */; };
		BF9E08171EA8BE0D0075EB45 /* TwoView.m in Sources */ = {isa = PBXBuildFile; fileRef = BF9E08161EA8BE0D0075EB45 /* TwoView.m */; };
		BF9E081A1EA8BE3B0075EB45 /* ThreeView.m in Sources */ = {isa = PBXBuildFile; fileRef = BF9E08191EA8BE3B0075EB45 /* ThreeView.m */; };
		BF9E081D1EA8BE460075EB45 /* FourView.m in Sources */ = {isa = PBXBuildFile; fileRef = BF9E081C1EA8BE460075EB45 /* FourView.m */; };
		BF9E08201EA8BE4E0075EB45 /* fiveView.m in Sources */ = {isa = PBXBuildFile; fileRef = BF9E081F1EA8BE4E0075EB45 /* fiveView.m */; };
		BF9E08231EA8BE5A0075EB45 /* SixView.m in Sources */ = {isa = PBXBuildFile; fileRef = BF9E08221EA8BE5A0075EB45 /* SixView.m */; };
		BF9E08261EA8BE640075EB45 /* SevenView.m in Sources */ = {isa = PBXBuildFile; fileRef = BF9E08251EA8BE640075EB45 /* SevenView.m */; };
		BF9E08291EA8BE700075EB45 /* EightView.m in Sources */ = {isa = PBXBuildFile; fileRef = BF9E08281EA8BE700075EB45 /* EightView.m */; };
		BF9E082C1EA8BE7B0075EB45 /* NineView.m in Sources */ = {isa = PBXBuildFile; fileRef = BF9E082B1EA8BE7B0075EB45 /* NineView.m */; };
		BF9E082F1EA8BE830075EB45 /* TenView.m in Sources */ = {isa = PBXBuildFile; fileRef = BF9E082E1EA8BE830075EB45 /* TenView.m */; };
		BF9E08321EA8C1C70075EB45 /* UIView+ALBindModel.m in Sources */ = {isa = PBXBuildFile; fileRef = BF9E08311EA8C1C70075EB45 /* UIView+ALBindModel.m */; };
		BFA0E55B1E9CBA8B00F4445B /* main.m in Sources */ = {isa = PBXBuildFile; fileRef = BFA0E55A1E9CBA8B00F4445B /* main.m */; };
		BFA0E5741E9CBA8B00F4445B /* MVVMBaseProjectTests.m in Sources */ = {isa = PBXBuildFile; fileRef = BFA0E5731E9CBA8B00F4445B /* MVVMBaseProjectTests.m */; };
		BFA0E57F1E9CBA8B00F4445B /* MVVMBaseProjectUITests.m in Sources */ = {isa = PBXBuildFile; fileRef = BFA0E57E1E9CBA8B00F4445B /* MVVMBaseProjectUITests.m */; };
		BFA0E5951E9CBB8600F4445B /* Assets.xcassets in Resources */ = {isa = PBXBuildFile; fileRef = BFA0E58F1E9CBB8600F4445B /* Assets.xcassets */; };
		BFA0E59E1E9CBC0100F4445B /* ALAppDelegate.m in Sources */ = {isa = PBXBuildFile; fileRef = BFA0E59D1E9CBC0100F4445B /* ALAppDelegate.m */; };
		BFBB59B01EC94A0B008248EB /* NSObject+IsVaild.m in Sources */ = {isa = PBXBuildFile; fileRef = BFBB59AF1EC94A0B008248EB /* NSObject+IsVaild.m */; };
		BFD8EEDA1E9CCFCC00934561 /* ALBaseViewModel.m in Sources */ = {isa = PBXBuildFile; fileRef = BFD8EED91E9CCFCC00934561 /* ALBaseViewModel.m */; };
		BFD8EEE51E9DD42100934561 /* ALNetworkConnect.m in Sources */ = {isa = PBXBuildFile; fileRef = BFD8EEE41E9DD42100934561 /* ALNetworkConnect.m */; };
		BFD8EEE81E9DF64100934561 /* ALHttpConfig.m in Sources */ = {isa = PBXBuildFile; fileRef = BFD8EEE71E9DF64100934561 /* ALHttpConfig.m */; };
		BFDC25031ECA93EC001F1867 /* ALForgetPasswordViewController.m in Sources */ = {isa = PBXBuildFile; fileRef = BFDC24FD1ECA93EC001F1867 /* ALForgetPasswordViewController.m */; };
		BFDC25041ECA93EC001F1867 /* ALLoginViewController.m in Sources */ = {isa = PBXBuildFile; fileRef = BFDC24FF1ECA93EC001F1867 /* ALLoginViewController.m */; };
		BFDC25051ECA93EC001F1867 /* ALRegistViewController.m in Sources */ = {isa = PBXBuildFile; fileRef = BFDC25011ECA93EC001F1867 /* ALRegistViewController.m */; };
		BFDC25081ECA9414001F1867 /* ALForgetPasswordViewModel.m in Sources */ = {isa = PBXBuildFile; fileRef = BFDC25071ECA9414001F1867 /* ALForgetPasswordViewModel.m */; };
		BFDC250B1ECA943D001F1867 /* ALLoginViewModel.m in Sources */ = {isa = PBXBuildFile; fileRef = BFDC250A1ECA943D001F1867 /* ALLoginViewModel.m */; };
		BFDC250E1ECA9450001F1867 /* ALRegistViewModel.m in Sources */ = {isa = PBXBuildFile; fileRef = BFDC250D1ECA9450001F1867 /* ALRegistViewModel.m */; };
		BFEB81AE1EB3412100E138A2 /* ALBaseThreeView.m in Sources */ = {isa = PBXBuildFile; fileRef = BFEB81AD1EB3412100E138A2 /* ALBaseThreeView.m */; };
		BFEB81B31EB35A4900E138A2 /* head.jpg in Resources */ = {isa = PBXBuildFile; fileRef = BFEB81B21EB35A4900E138A2 /* head.jpg */; };
		E9E7F8A8886B1BAE66260750 /* libPods-MVVMBaseProject.a in Frameworks */ = {isa = PBXBuildFile; fileRef = 182D5926D0CB7154FC68EFF8 /* libPods-MVVMBaseProject.a */; };
/* End PBXBuildFile section */

/* Begin PBXContainerItemProxy section */
		BFA0E5701E9CBA8B00F4445B /* PBXContainerItemProxy */ = {
			isa = PBXContainerItemProxy;
			containerPortal = BFA0E54E1E9CBA8B00F4445B /* Project object */;
			proxyType = 1;
			remoteGlobalIDString = BFA0E5551E9CBA8B00F4445B;
			remoteInfo = MVVMBaseProject;
		};
		BFA0E57B1E9CBA8B00F4445B /* PBXContainerItemProxy */ = {
			isa = PBXContainerItemProxy;
			containerPortal = BFA0E54E1E9CBA8B00F4445B /* Project object */;
			proxyType = 1;
			remoteGlobalIDString = BFA0E5551E9CBA8B00F4445B;
			remoteInfo = MVVMBaseProject;
		};
/* End PBXContainerItemProxy section */

/* Begin PBXFileReference section */
		0ECEF6D57D1B7CAF1E079059 /* Pods-MVVMBaseProjectUITests.release.xcconfig */ = {isa = PBXFileReference; includeInIndex = 1; lastKnownFileType = text.xcconfig; name = "Pods-MVVMBaseProjectUITests.release.xcconfig"; path = "Pods/Target Support Files/Pods-MVVMBaseProjectUITests/Pods-MVVMBaseProjectUITests.release.xcconfig"; sourceTree = "<group>"; };
		182D5926D0CB7154FC68EFF8 /* libPods-MVVMBaseProject.a */ = {isa = PBXFileReference; explicitFileType = archive.ar; includeInIndex = 0; path = "libPods-MVVMBaseProject.a"; sourceTree = BUILT_PRODUCTS_DIR; };
		3CFBB9DFCCE2D67AB2D3CF9D /* Pods-MVVMBaseProject.debug.xcconfig */ = {isa = PBXFileReference; includeInIndex = 1; lastKnownFileType = text.xcconfig; name = "Pods-MVVMBaseProject.debug.xcconfig"; path = "Pods/Target Support Files/Pods-MVVMBaseProject/Pods-MVVMBaseProject.debug.xcconfig"; sourceTree = "<group>"; };
		4ECAE4C6C7409A38D95ABDA4 /* Pods-MVVMBaseProjectTests.debug.xcconfig */ = {isa = PBXFileReference; includeInIndex = 1; lastKnownFileType = text.xcconfig; name = "Pods-MVVMBaseProjectTests.debug.xcconfig"; path = "Pods/Target Support Files/Pods-MVVMBaseProjectTests/Pods-MVVMBaseProjectTests.debug.xcconfig"; sourceTree = "<group>"; };
		54F19E041A2A6341C2793AF7 /* Pods-MVVMBaseProject.release.xcconfig */ = {isa = PBXFileReference; includeInIndex = 1; lastKnownFileType = text.xcconfig; name = "Pods-MVVMBaseProject.release.xcconfig"; path = "Pods/Target Support Files/Pods-MVVMBaseProject/Pods-MVVMBaseProject.release.xcconfig"; sourceTree = "<group>"; };
		7CCCE110F6DC642241874FF3 /* Pods-MVVMBaseProjectTests.release.xcconfig */ = {isa = PBXFileReference; includeInIndex = 1; lastKnownFileType = text.xcconfig; name = "Pods-MVVMBaseProjectTests.release.xcconfig"; path = "Pods/Target Support Files/Pods-MVVMBaseProjectTests/Pods-MVVMBaseProjectTests.release.xcconfig"; sourceTree = "<group>"; };
		A70C326F7C0C08FEF6A0EFF5 /* libPods-MVVMBaseProjectTests.a */ = {isa = PBXFileReference; explicitFileType = archive.ar; includeInIndex = 0; path = "libPods-MVVMBaseProjectTests.a"; sourceTree = BUILT_PRODUCTS_DIR; };
		BF44CA281EA0848500EA4054 /* ALShowMessageView.h */ = {isa = PBXFileReference; fileEncoding = 4; lastKnownFileType = sourcecode.c.h; path = ALShowMessageView.h; sourceTree = "<group>"; };
		BF44CA291EA0848500EA4054 /* ALShowMessageView.m */ = {isa = PBXFileReference; fileEncoding = 4; lastKnownFileType = sourcecode.c.objc; path = ALShowMessageView.m; sourceTree = "<group>"; };
		BF6667421ECAE5FB009D7CE6 /* ALUserModel.h */ = {isa = PBXFileReference; fileEncoding = 4; lastKnownFileType = sourcecode.c.h; path = ALUserModel.h; sourceTree = "<group>"; };
		BF6667431ECAE5FB009D7CE6 /* ALUserModel.m */ = {isa = PBXFileReference; fileEncoding = 4; lastKnownFileType = sourcecode.c.objc; path = ALUserModel.m; sourceTree = "<group>"; };
		BF66674A1ECAEECC009D7CE6 /* NSDictionary+NetParams.h */ = {isa = PBXFileReference; fileEncoding = 4; lastKnownFileType = sourcecode.c.h; path = "NSDictionary+NetParams.h"; sourceTree = "<group>"; };
		BF66674B1ECAEECC009D7CE6 /* NSDictionary+NetParams.m */ = {isa = PBXFileReference; fileEncoding = 4; lastKnownFileType = sourcecode.c.objc; path = "NSDictionary+NetParams.m"; sourceTree = "<group>"; };
		BF8731CF1EA48B5B0001270A /* UIImage+ResetSize.h */ = {isa = PBXFileReference; fileEncoding = 4; lastKnownFileType = sourcecode.c.h; path = "UIImage+ResetSize.h"; sourceTree = "<group>"; };
		BF8731D01EA48B5B0001270A /* UIImage+ResetSize.m */ = {isa = PBXFileReference; fileEncoding = 4; lastKnownFileType = sourcecode.c.objc; path = "UIImage+ResetSize.m"; sourceTree = "<group>"; };
		BF8731D71EA49AF90001270A /* ALCollectionViewController.h */ = {isa = PBXFileReference; fileEncoding = 4; lastKnownFileType = sourcecode.c.h; path = ALCollectionViewController.h; sourceTree = "<group>"; };
		BF8731D81EA49AF90001270A /* ALCollectionViewController.m */ = {isa = PBXFileReference; fileEncoding = 4; lastKnownFileType = sourcecode.c.objc; path = ALCollectionViewController.m; sourceTree = "<group>"; };
		BF8731DA1EA49B100001270A /* ALCollectionViewModel.h */ = {isa = PBXFileReference; fileEncoding = 4; lastKnownFileType = sourcecode.c.h; path = ALCollectionViewModel.h; sourceTree = "<group>"; };
		BF8731DB1EA49B100001270A /* ALCollectionViewModel.m */ = {isa = PBXFileReference; fileEncoding = 4; lastKnownFileType = sourcecode.c.objc; path = ALCollectionViewModel.m; sourceTree = "<group>"; };
		BF8731DD1EA4A5BC0001270A /* OneModel.h */ = {isa = PBXFileReference; fileEncoding = 4; lastKnownFileType = sourcecode.c.h; path = OneModel.h; sourceTree = "<group>"; };
		BF8731DE1EA4A5BC0001270A /* OneModel.m */ = {isa = PBXFileReference; fileEncoding = 4; lastKnownFileType = sourcecode.c.objc; path = OneModel.m; sourceTree = "<group>"; };
		BF8731E01EA4A7100001270A /* OneCollectionViewCell.h */ = {isa = PBXFileReference; fileEncoding = 4; lastKnownFileType = sourcecode.c.h; path = OneCollectionViewCell.h; sourceTree = "<group>"; };
		BF8731E11EA4A7100001270A /* OneCollectionViewCell.m */ = {isa = PBXFileReference; fileEncoding = 4; lastKnownFileType = sourcecode.c.objc; path = OneCollectionViewCell.m; sourceTree = "<group>"; };
		BF8731E91EA4B8660001270A /* ALFileManager.h */ = {isa = PBXFileReference; fileEncoding = 4; lastKnownFileType = sourcecode.c.h; path = ALFileManager.h; sourceTree = "<group>"; };
		BF8731EA1EA4B8660001270A /* ALFileManager.m */ = {isa = PBXFileReference; fileEncoding = 4; lastKnownFileType = sourcecode.c.objc; path = ALFileManager.m; sourceTree = "<group>"; };
		BF8731EC1EA4C4EA0001270A /* ALAlertController.h */ = {isa = PBXFileReference; fileEncoding = 4; lastKnownFileType = sourcecode.c.h; path = ALAlertController.h; sourceTree = "<group>"; };
		BF8731ED1EA4C4EA0001270A /* ALAlertController.m */ = {isa = PBXFileReference; fileEncoding = 4; lastKnownFileType = sourcecode.c.objc; path = ALAlertController.m; sourceTree = "<group>"; };
		BF8731EF1EA4C63F0001270A /* UIButton+JKTouchAreaInsets.h */ = {isa = PBXFileReference; fileEncoding = 4; lastKnownFileType = sourcecode.c.h; path = "UIButton+JKTouchAreaInsets.h"; sourceTree = "<group>"; };
		BF8731F01EA4C63F0001270A /* UIButton+JKTouchAreaInsets.m */ = {isa = PBXFileReference; fileEncoding = 4; lastKnownFileType = sourcecode.c.objc; path = "UIButton+JKTouchAreaInsets.m"; sourceTree = "<group>"; };
		BF8731F11EA4C63F0001270A /* NSDate+JKUtilities.h */ = {isa = PBXFileReference; fileEncoding = 4; lastKnownFileType = sourcecode.c.h; path = "NSDate+JKUtilities.h"; sourceTree = "<group>"; };
		BF8731F21EA4C63F0001270A /* NSDate+JKUtilities.m */ = {isa = PBXFileReference; fileEncoding = 4; lastKnownFileType = sourcecode.c.objc; path = "NSDate+JKUtilities.m"; sourceTree = "<group>"; };
		BF8731F31EA4C63F0001270A /* UIDevice+YYAdd.h */ = {isa = PBXFileReference; fileEncoding = 4; lastKnownFileType = sourcecode.c.h; path = "UIDevice+YYAdd.h"; sourceTree = "<group>"; };
		BF8731F41EA4C63F0001270A /* UIDevice+YYAdd.m */ = {isa = PBXFileReference; fileEncoding = 4; lastKnownFileType = sourcecode.c.objc; path = "UIDevice+YYAdd.m"; sourceTree = "<group>"; };
		BF8731F71EA4C63F0001270A /* NSString+JKSize.h */ = {isa = PBXFileReference; fileEncoding = 4; lastKnownFileType = sourcecode.c.h; path = "NSString+JKSize.h"; sourceTree = "<group>"; };
		BF8731F81EA4C63F0001270A /* NSString+JKSize.m */ = {isa = PBXFileReference; fileEncoding = 4; lastKnownFileType = sourcecode.c.objc; path = "NSString+JKSize.m"; sourceTree = "<group>"; };
		BF8731F91EA4C63F0001270A /* UIColor+JKHEX.h */ = {isa = PBXFileReference; fileEncoding = 4; lastKnownFileType = sourcecode.c.h; path = "UIColor+JKHEX.h"; sourceTree = "<group>"; };
		BF8731FA1EA4C63F0001270A /* UIColor+JKHEX.m */ = {isa = PBXFileReference; fileEncoding = 4; lastKnownFileType = sourcecode.c.objc; path = "UIColor+JKHEX.m"; sourceTree = "<group>"; };
		BF8731FB1EA4C63F0001270A /* NSArray+JKSafeAccess.h */ = {isa = PBXFileReference; fileEncoding = 4; lastKnownFileType = sourcecode.c.h; path = "NSArray+JKSafeAccess.h"; sourceTree = "<group>"; };
		BF8731FC1EA4C63F0001270A /* NSArray+JKSafeAccess.m */ = {isa = PBXFileReference; fileEncoding = 4; lastKnownFileType = sourcecode.c.objc; path = "NSArray+JKSafeAccess.m"; sourceTree = "<group>"; };
		BF8731FD1EA4C63F0001270A /* NSDictionary+JKSafeAccess.h */ = {isa = PBXFileReference; fileEncoding = 4; lastKnownFileType = sourcecode.c.h; path = "NSDictionary+JKSafeAccess.h"; sourceTree = "<group>"; };
		BF8731FE1EA4C63F0001270A /* NSDictionary+JKSafeAccess.m */ = {isa = PBXFileReference; fileEncoding = 4; lastKnownFileType = sourcecode.c.objc; path = "NSDictionary+JKSafeAccess.m"; sourceTree = "<group>"; };
		BF8732011EA4C63F0001270A /* UIView+ALFrame.h */ = {isa = PBXFileReference; fileEncoding = 4; lastKnownFileType = sourcecode.c.h; path = "UIView+ALFrame.h"; sourceTree = "<group>"; };
		BF8732021EA4C63F0001270A /* UIView+ALFrame.m */ = {isa = PBXFileReference; fileEncoding = 4; lastKnownFileType = sourcecode.c.objc; path = "UIView+ALFrame.m"; sourceTree = "<group>"; };
		BF8732031EA4C63F0001270A /* UIImage+ALColor.h */ = {isa = PBXFileReference; fileEncoding = 4; lastKnownFileType = sourcecode.c.h; path = "UIImage+ALColor.h"; sourceTree = "<group>"; };
		BF8732041EA4C63F0001270A /* UIImage+ALColor.m */ = {isa = PBXFileReference; fileEncoding = 4; lastKnownFileType = sourcecode.c.objc; path = "UIImage+ALColor.m"; sourceTree = "<group>"; };
		BF8732071EA4C63F0001270A /* NSObject+ALUserDefault.h */ = {isa = PBXFileReference; fileEncoding = 4; lastKnownFileType = sourcecode.c.h; path = "NSObject+ALUserDefault.h"; sourceTree = "<group>"; };
		BF8732081EA4C63F0001270A /* NSObject+ALUserDefault.m */ = {isa = PBXFileReference; fileEncoding = 4; lastKnownFileType = sourcecode.c.objc; path = "NSObject+ALUserDefault.m"; sourceTree = "<group>"; };
		BF8732091EA4C63F0001270A /* UIButton+ALCountDown.h */ = {isa = PBXFileReference; fileEncoding = 4; lastKnownFileType = sourcecode.c.h; path = "UIButton+ALCountDown.h"; sourceTree = "<group>"; };
		BF87320A1EA4C63F0001270A /* UIButton+ALCountDown.m */ = {isa = PBXFileReference; fileEncoding = 4; lastKnownFileType = sourcecode.c.objc; path = "UIButton+ALCountDown.m"; sourceTree = "<group>"; };
		BF87320B1EA4C63F0001270A /* UIFont+DeviceSize.h */ = {isa = PBXFileReference; fileEncoding = 4; lastKnownFileType = sourcecode.c.h; path = "UIFont+DeviceSize.h"; sourceTree = "<group>"; };
		BF87320C1EA4C63F0001270A /* UIFont+DeviceSize.m */ = {isa = PBXFileReference; fileEncoding = 4; lastKnownFileType = sourcecode.c.objc; path = "UIFont+DeviceSize.m"; sourceTree = "<group>"; };
		BF87321F1EA4CC9C0001270A /* ALNativeLocation.h */ = {isa = PBXFileReference; fileEncoding = 4; lastKnownFileType = sourcecode.c.h; path = ALNativeLocation.h; sourceTree = "<group>"; };
		BF8732201EA4CC9C0001270A /* ALNativeLocation.m */ = {isa = PBXFileReference; fileEncoding = 4; lastKnownFileType = sourcecode.c.objc; path = ALNativeLocation.m; sourceTree = "<group>"; };
		BF8732221EA4CD5E0001270A /* CommonTools.h */ = {isa = PBXFileReference; fileEncoding = 4; lastKnownFileType = sourcecode.c.h; path = CommonTools.h; sourceTree = "<group>"; };
		BF8732231EA4CD5E0001270A /* CommonTools.m */ = {isa = PBXFileReference; fileEncoding = 4; lastKnownFileType = sourcecode.c.objc; path = CommonTools.m; sourceTree = "<group>"; };
		BF8732241EA4CD5E0001270A /* RACCommonTools.h */ = {isa = PBXFileReference; fileEncoding = 4; lastKnownFileType = sourcecode.c.h; path = RACCommonTools.h; sourceTree = "<group>"; };
		BF8732251EA4CD5E0001270A /* RACCommonTools.m */ = {isa = PBXFileReference; fileEncoding = 4; lastKnownFileType = sourcecode.c.objc; path = RACCommonTools.m; sourceTree = "<group>"; };
		BF8732281EA4CDC30001270A /* ALImagePickerController.h */ = {isa = PBXFileReference; fileEncoding = 4; lastKnownFileType = sourcecode.c.h; path = ALImagePickerController.h; sourceTree = "<group>"; };
		BF8732291EA4CDC30001270A /* ALImagePickerController.m */ = {isa = PBXFileReference; fileEncoding = 4; lastKnownFileType = sourcecode.c.objc; path = ALImagePickerController.m; sourceTree = "<group>"; };
		BF87322B1EA4CE7B0001270A /* QRViewController.h */ = {isa = PBXFileReference; fileEncoding = 4; lastKnownFileType = sourcecode.c.h; path = QRViewController.h; sourceTree = "<group>"; };
		BF87322C1EA4CE7B0001270A /* QRViewController.m */ = {isa = PBXFileReference; fileEncoding = 4; lastKnownFileType = sourcecode.c.objc; path = QRViewController.m; sourceTree = "<group>"; };
		BF8975E11E9DFCC900592D60 /* ALConfig.h */ = {isa = PBXFileReference; lastKnownFileType = sourcecode.c.h; path = ALConfig.h; sourceTree = "<group>"; };
		BF8975EE1E9DFEF800592D60 /* OneViewModel.h */ = {isa = PBXFileReference; fileEncoding = 4; lastKnownFileType = sourcecode.c.h; path = OneViewModel.h; sourceTree = "<group>"; };
		BF8975EF1E9DFEF800592D60 /* OneViewModel.m */ = {isa = PBXFileReference; fileEncoding = 4; lastKnownFileType = sourcecode.c.objc; path = OneViewModel.m; sourceTree = "<group>"; };
		BF8975F11E9DFF0500592D60 /* TwoViewModel.h */ = {isa = PBXFileReference; fileEncoding = 4; lastKnownFileType = sourcecode.c.h; path = TwoViewModel.h; sourceTree = "<group>"; };
		BF8975F21E9DFF0500592D60 /* TwoViewModel.m */ = {isa = PBXFileReference; fileEncoding = 4; lastKnownFileType = sourcecode.c.objc; path = TwoViewModel.m; sourceTree = "<group>"; };
		BF8975F41E9DFF1000592D60 /* ThreeViewModel.h */ = {isa = PBXFileReference; fileEncoding = 4; lastKnownFileType = sourcecode.c.h; path = ThreeViewModel.h; sourceTree = "<group>"; };
		BF8975F51E9DFF1000592D60 /* ThreeViewModel.m */ = {isa = PBXFileReference; fileEncoding = 4; lastKnownFileType = sourcecode.c.objc; path = ThreeViewModel.m; sourceTree = "<group>"; };
		BF8975F71E9DFF1B00592D60 /* FourViewModel.h */ = {isa = PBXFileReference; fileEncoding = 4; lastKnownFileType = sourcecode.c.h; path = FourViewModel.h; sourceTree = "<group>"; };
		BF8975F81E9DFF1B00592D60 /* FourViewModel.m */ = {isa = PBXFileReference; fileEncoding = 4; lastKnownFileType = sourcecode.c.objc; path = FourViewModel.m; sourceTree = "<group>"; };
		BF8975FE1E9E1B2A00592D60 /* TwoViewController.h */ = {isa = PBXFileReference; fileEncoding = 4; lastKnownFileType = sourcecode.c.h; path = TwoViewController.h; sourceTree = "<group>"; };
		BF8975FF1E9E1B2A00592D60 /* TwoViewController.m */ = {isa = PBXFileReference; fileEncoding = 4; lastKnownFileType = sourcecode.c.objc; path = TwoViewController.m; sourceTree = "<group>"; };
		BF8976031E9E1B4400592D60 /* ThreeViewController.h */ = {isa = PBXFileReference; fileEncoding = 4; lastKnownFileType = sourcecode.c.h; path = ThreeViewController.h; sourceTree = "<group>"; };
		BF8976041E9E1B4400592D60 /* ThreeViewController.m */ = {isa = PBXFileReference; fileEncoding = 4; lastKnownFileType = sourcecode.c.objc; path = ThreeViewController.m; sourceTree = "<group>"; };
		BF8976071E9E1B4D00592D60 /* FourViewController.h */ = {isa = PBXFileReference; fileEncoding = 4; lastKnownFileType = sourcecode.c.h; path = FourViewController.h; sourceTree = "<group>"; };
		BF8976081E9E1B4D00592D60 /* FourViewController.m */ = {isa = PBXFileReference; fileEncoding = 4; lastKnownFileType = sourcecode.c.objc; path = FourViewController.m; sourceTree = "<group>"; };
		BF89760A1E9E1B6200592D60 /* OneViewController.h */ = {isa = PBXFileReference; fileEncoding = 4; lastKnownFileType = sourcecode.c.h; path = OneViewController.h; sourceTree = "<group>"; };
		BF89760B1E9E1B6200592D60 /* OneViewController.m */ = {isa = PBXFileReference; fileEncoding = 4; lastKnownFileType = sourcecode.c.objc; path = OneViewController.m; sourceTree = "<group>"; };
		BF89760E1E9E1B8700592D60 /* ALBaseViewController.h */ = {isa = PBXFileReference; fileEncoding = 4; lastKnownFileType = sourcecode.c.h; path = ALBaseViewController.h; sourceTree = "<group>"; };
		BF89760F1E9E1B8700592D60 /* ALBaseViewController.m */ = {isa = PBXFileReference; fileEncoding = 4; lastKnownFileType = sourcecode.c.objc; path = ALBaseViewController.m; sourceTree = "<group>"; };
		BF8976111E9E1C5600592D60 /* ALTabBarController.h */ = {isa = PBXFileReference; fileEncoding = 4; lastKnownFileType = sourcecode.c.h; path = ALTabBarController.h; sourceTree = "<group>"; };
		BF8976121E9E1C5600592D60 /* ALTabBarController.m */ = {isa = PBXFileReference; fileEncoding = 4; lastKnownFileType = sourcecode.c.objc; path = ALTabBarController.m; sourceTree = "<group>"; };
		BF8976141E9E1D1500592D60 /* ALNavigationController.h */ = {isa = PBXFileReference; fileEncoding = 4; lastKnownFileType = sourcecode.c.h; path = ALNavigationController.h; sourceTree = "<group>"; };
		BF8976151E9E1D1500592D60 /* ALNavigationController.m */ = {isa = PBXFileReference; fileEncoding = 4; lastKnownFileType = sourcecode.c.objc; path = ALNavigationController.m; sourceTree = "<group>"; };
		BF8976171E9E207000592D60 /* ALTabBarViewModel.h */ = {isa = PBXFileReference; fileEncoding = 4; lastKnownFileType = sourcecode.c.h; path = ALTabBarViewModel.h; sourceTree = "<group>"; };
		BF8976181E9E207000592D60 /* ALTabBarViewModel.m */ = {isa = PBXFileReference; fileEncoding = 4; lastKnownFileType = sourcecode.c.objc; path = ALTabBarViewModel.m; sourceTree = "<group>"; };
		BF89761A1E9E274A00592D60 /* ALViewModelServices.h */ = {isa = PBXFileReference; fileEncoding = 4; lastKnownFileType = sourcecode.c.h; path = ALViewModelServices.h; sourceTree = "<group>"; };
		BF89761D1E9E276300592D60 /* ALNavigationProtocol.h */ = {isa = PBXFileReference; fileEncoding = 4; lastKnownFileType = sourcecode.c.h; path = ALNavigationProtocol.h; sourceTree = "<group>"; };
		BF89761E1E9E2FDD00592D60 /* ALNavigationControllerStack.h */ = {isa = PBXFileReference; fileEncoding = 4; lastKnownFileType = sourcecode.c.h; path = ALNavigationControllerStack.h; sourceTree = "<group>"; };
		BF89761F1E9E2FDD00592D60 /* ALNavigationControllerStack.m */ = {isa = PBXFileReference; fileEncoding = 4; lastKnownFileType = sourcecode.c.objc; path = ALNavigationControllerStack.m; sourceTree = "<group>"; };
		BF8976261E9F160700592D60 /* ALViewRouter.h */ = {isa = PBXFileReference; fileEncoding = 4; lastKnownFileType = sourcecode.c.h; path = ALViewRouter.h; sourceTree = "<group>"; };
		BF8976271E9F160700592D60 /* ALViewRouter.m */ = {isa = PBXFileReference; fileEncoding = 4; lastKnownFileType = sourcecode.c.objc; path = ALViewRouter.m; sourceTree = "<group>"; };
		BF8976291E9F57F100592D60 /* ALTableViewController.h */ = {isa = PBXFileReference; fileEncoding = 4; lastKnownFileType = sourcecode.c.h; path = ALTableViewController.h; sourceTree = "<group>"; };
		BF89762A1E9F57F100592D60 /* ALTableViewController.m */ = {isa = PBXFileReference; fileEncoding = 4; lastKnownFileType = sourcecode.c.objc; path = ALTableViewController.m; sourceTree = "<group>"; };
		BF89762C1E9F585700592D60 /* ALTableViewModel.h */ = {isa = PBXFileReference; fileEncoding = 4; lastKnownFileType = sourcecode.c.h; path = ALTableViewModel.h; sourceTree = "<group>"; };
		BF89762D1E9F585700592D60 /* ALTableViewModel.m */ = {isa = PBXFileReference; fileEncoding = 4; lastKnownFileType = sourcecode.c.objc; path = ALTableViewModel.m; sourceTree = "<group>"; };
		BF89762F1E9F6BE800592D60 /* TwoTableViewCell.h */ = {isa = PBXFileReference; fileEncoding = 4; lastKnownFileType = sourcecode.c.h; path = TwoTableViewCell.h; sourceTree = "<group>"; };
		BF8976301E9F6BE800592D60 /* TwoTableViewCell.m */ = {isa = PBXFileReference; fileEncoding = 4; lastKnownFileType = sourcecode.c.objc; path = TwoTableViewCell.m; sourceTree = "<group>"; };
		BF8976331E9F70C800592D60 /* TwoModel.h */ = {isa = PBXFileReference; fileEncoding = 4; lastKnownFileType = sourcecode.c.h; path = TwoModel.h; sourceTree = "<group>"; };
		BF8976341E9F70C800592D60 /* TwoModel.m */ = {isa = PBXFileReference; fileEncoding = 4; lastKnownFileType = sourcecode.c.objc; path = TwoModel.m; sourceTree = "<group>"; };
		BF8976411EA0631300592D60 /* ALViewModelServicesImpl.h */ = {isa = PBXFileReference; fileEncoding = 4; lastKnownFileType = sourcecode.c.h; path = ALViewModelServicesImpl.h; sourceTree = "<group>"; };
		BF8976421EA0631300592D60 /* ALViewModelServicesImpl.m */ = {isa = PBXFileReference; fileEncoding = 4; lastKnownFileType = sourcecode.c.objc; path = ALViewModelServicesImpl.m; sourceTree = "<group>"; };
		BF8976441EA063E000592D60 /* ALNetworkService.h */ = {isa = PBXFileReference; fileEncoding = 4; lastKnownFileType = sourcecode.c.h; path = ALNetworkService.h; sourceTree = "<group>"; };
		BF8976451EA068A100592D60 /* ALNetworkServicelmpl.h */ = {isa = PBXFileReference; fileEncoding = 4; lastKnownFileType = sourcecode.c.h; path = ALNetworkServicelmpl.h; sourceTree = "<group>"; };
		BF8976461EA068A100592D60 /* ALNetworkServicelmpl.m */ = {isa = PBXFileReference; fileEncoding = 4; lastKnownFileType = sourcecode.c.objc; path = ALNetworkServicelmpl.m; sourceTree = "<group>"; };
		BF9E07F31EA757110075EB45 /* ALScrollViewController.h */ = {isa = PBXFileReference; fileEncoding = 4; lastKnownFileType = sourcecode.c.h; path = ALScrollViewController.h; sourceTree = "<group>"; };
		BF9E07F41EA757110075EB45 /* ALScrollViewController.m */ = {isa = PBXFileReference; fileEncoding = 4; lastKnownFileType = sourcecode.c.objc; path = ALScrollViewController.m; sourceTree = "<group>"; };
		BF9E07F61EA757260075EB45 /* ALScrollViewModel.h */ = {isa = PBXFileReference; fileEncoding = 4; lastKnownFileType = sourcecode.c.h; path = ALScrollViewModel.h; sourceTree = "<group>"; };
		BF9E07F71EA757260075EB45 /* ALScrollViewModel.m */ = {isa = PBXFileReference; fileEncoding = 4; lastKnownFileType = sourcecode.c.objc; path = ALScrollViewModel.m; sourceTree = "<group>"; };
		BF9E07FE1EA75CC90075EB45 /* ThreeModel.h */ = {isa = PBXFileReference; fileEncoding = 4; lastKnownFileType = sourcecode.c.h; path = ThreeModel.h; sourceTree = "<group>"; };
		BF9E07FF1EA75CC90075EB45 /* ThreeModel.m */ = {isa = PBXFileReference; fileEncoding = 4; lastKnownFileType = sourcecode.c.objc; path = ThreeModel.m; sourceTree = "<group>"; };
		BF9E080C1EA8B6C10075EB45 /* OneView.h */ = {isa = PBXFileReference; fileEncoding = 4; lastKnownFileType = sourcecode.c.h; path = OneView.h; sourceTree = "<group>"; };
		BF9E080D1EA8B6C10075EB45 /* OneView.m */ = {isa = PBXFileReference; fileEncoding = 4; lastKnownFileType = sourcecode.c.objc; path = OneView.m; sourceTree = "<group>"; };
		BF9E08151EA8BE0D0075EB45 /* TwoView.h */ = {isa = PBXFileReference; fileEncoding = 4; lastKnownFileType = sourcecode.c.h; path = TwoView.h; sourceTree = "<group>"; };
		BF9E08161EA8BE0D0075EB45 /* TwoView.m */ = {isa = PBXFileReference; fileEncoding = 4; lastKnownFileType = sourcecode.c.objc; path = TwoView.m; sourceTree = "<group>"; };
		BF9E08181EA8BE3B0075EB45 /* ThreeView.h */ = {isa = PBXFileReference; fileEncoding = 4; lastKnownFileType = sourcecode.c.h; path = ThreeView.h; sourceTree = "<group>"; };
		BF9E08191EA8BE3B0075EB45 /* ThreeView.m */ = {isa = PBXFileReference; fileEncoding = 4; lastKnownFileType = sourcecode.c.objc; path = ThreeView.m; sourceTree = "<group>"; };
		BF9E081B1EA8BE460075EB45 /* FourView.h */ = {isa = PBXFileReference; fileEncoding = 4; lastKnownFileType = sourcecode.c.h; path = FourView.h; sourceTree = "<group>"; };
		BF9E081C1EA8BE460075EB45 /* FourView.m */ = {isa = PBXFileReference; fileEncoding = 4; lastKnownFileType = sourcecode.c.objc; path = FourView.m; sourceTree = "<group>"; };
		BF9E081E1EA8BE4E0075EB45 /* fiveView.h */ = {isa = PBXFileReference; fileEncoding = 4; lastKnownFileType = sourcecode.c.h; path = fiveView.h; sourceTree = "<group>"; };
		BF9E081F1EA8BE4E0075EB45 /* fiveView.m */ = {isa = PBXFileReference; fileEncoding = 4; lastKnownFileType = sourcecode.c.objc; path = fiveView.m; sourceTree = "<group>"; };
		BF9E08211EA8BE5A0075EB45 /* SixView.h */ = {isa = PBXFileReference; fileEncoding = 4; lastKnownFileType = sourcecode.c.h; path = SixView.h; sourceTree = "<group>"; };
		BF9E08221EA8BE5A0075EB45 /* SixView.m */ = {isa = PBXFileReference; fileEncoding = 4; lastKnownFileType = sourcecode.c.objc; path = SixView.m; sourceTree = "<group>"; };
		BF9E08241EA8BE640075EB45 /* SevenView.h */ = {isa = PBXFileReference; fileEncoding = 4; lastKnownFileType = sourcecode.c.h; path = SevenView.h; sourceTree = "<group>"; };
		BF9E08251EA8BE640075EB45 /* SevenView.m */ = {isa = PBXFileReference; fileEncoding = 4; lastKnownFileType = sourcecode.c.objc; path = SevenView.m; sourceTree = "<group>"; };
		BF9E08271EA8BE700075EB45 /* EightView.h */ = {isa = PBXFileReference; fileEncoding = 4; lastKnownFileType = sourcecode.c.h; path = EightView.h; sourceTree = "<group>"; };
		BF9E08281EA8BE700075EB45 /* EightView.m */ = {isa = PBXFileReference; fileEncoding = 4; lastKnownFileType = sourcecode.c.objc; path = EightView.m; sourceTree = "<group>"; };
		BF9E082A1EA8BE7B0075EB45 /* NineView.h */ = {isa = PBXFileReference; fileEncoding = 4; lastKnownFileType = sourcecode.c.h; path = NineView.h; sourceTree = "<group>"; };
		BF9E082B1EA8BE7B0075EB45 /* NineView.m */ = {isa = PBXFileReference; fileEncoding = 4; lastKnownFileType = sourcecode.c.objc; path = NineView.m; sourceTree = "<group>"; };
		BF9E082D1EA8BE830075EB45 /* TenView.h */ = {isa = PBXFileReference; fileEncoding = 4; lastKnownFileType = sourcecode.c.h; path = TenView.h; sourceTree = "<group>"; };
		BF9E082E1EA8BE830075EB45 /* TenView.m */ = {isa = PBXFileReference; fileEncoding = 4; lastKnownFileType = sourcecode.c.objc; path = TenView.m; sourceTree = "<group>"; };
		BF9E08301EA8C1C70075EB45 /* UIView+ALBindModel.h */ = {isa = PBXFileReference; fileEncoding = 4; lastKnownFileType = sourcecode.c.h; path = "UIView+ALBindModel.h"; sourceTree = "<group>"; };
		BF9E08311EA8C1C70075EB45 /* UIView+ALBindModel.m */ = {isa = PBXFileReference; fileEncoding = 4; lastKnownFileType = sourcecode.c.objc; path = "UIView+ALBindModel.m"; sourceTree = "<group>"; };
		BFA0E5561E9CBA8B00F4445B /* MVVMBaseProject.app */ = {isa = PBXFileReference; explicitFileType = wrapper.application; includeInIndex = 0; path = MVVMBaseProject.app; sourceTree = BUILT_PRODUCTS_DIR; };
		BFA0E55A1E9CBA8B00F4445B /* main.m */ = {isa = PBXFileReference; lastKnownFileType = sourcecode.c.objc; path = main.m; sourceTree = "<group>"; };
		BFA0E56A1E9CBA8B00F4445B /* Info.plist */ = {isa = PBXFileReference; lastKnownFileType = text.plist.xml; path = Info.plist; sourceTree = "<group>"; };
		BFA0E56F1E9CBA8B00F4445B /* MVVMBaseProjectTests.xctest */ = {isa = PBXFileReference; explicitFileType = wrapper.cfbundle; includeInIndex = 0; path = MVVMBaseProjectTests.xctest; sourceTree = BUILT_PRODUCTS_DIR; };
		BFA0E5731E9CBA8B00F4445B /* MVVMBaseProjectTests.m */ = {isa = PBXFileReference; lastKnownFileType = sourcecode.c.objc; path = MVVMBaseProjectTests.m; sourceTree = "<group>"; };
		BFA0E5751E9CBA8B00F4445B /* Info.plist */ = {isa = PBXFileReference; lastKnownFileType = text.plist.xml; path = Info.plist; sourceTree = "<group>"; };
		BFA0E57A1E9CBA8B00F4445B /* MVVMBaseProjectUITests.xctest */ = {isa = PBXFileReference; explicitFileType = wrapper.cfbundle; includeInIndex = 0; path = MVVMBaseProjectUITests.xctest; sourceTree = BUILT_PRODUCTS_DIR; };
		BFA0E57E1E9CBA8B00F4445B /* MVVMBaseProjectUITests.m */ = {isa = PBXFileReference; lastKnownFileType = sourcecode.c.objc; path = MVVMBaseProjectUITests.m; sourceTree = "<group>"; };
		BFA0E5801E9CBA8B00F4445B /* Info.plist */ = {isa = PBXFileReference; lastKnownFileType = text.plist.xml; path = Info.plist; sourceTree = "<group>"; };
		BFA0E58F1E9CBB8600F4445B /* Assets.xcassets */ = {isa = PBXFileReference; lastKnownFileType = folder.assetcatalog; name = Assets.xcassets; path = ../Application/Assets.xcassets; sourceTree = "<group>"; };
		BFA0E59C1E9CBC0100F4445B /* ALAppDelegate.h */ = {isa = PBXFileReference; fileEncoding = 4; lastKnownFileType = sourcecode.c.h; path = ALAppDelegate.h; sourceTree = "<group>"; };
		BFA0E59D1E9CBC0100F4445B /* ALAppDelegate.m */ = {isa = PBXFileReference; fileEncoding = 4; lastKnownFileType = sourcecode.c.objc; path = ALAppDelegate.m; sourceTree = "<group>"; };
		BFBB59AE1EC94A0B008248EB /* NSObject+IsVaild.h */ = {isa = PBXFileReference; fileEncoding = 4; lastKnownFileType = sourcecode.c.h; path = "NSObject+IsVaild.h"; sourceTree = "<group>"; };
		BFBB59AF1EC94A0B008248EB /* NSObject+IsVaild.m */ = {isa = PBXFileReference; fileEncoding = 4; lastKnownFileType = sourcecode.c.objc; path = "NSObject+IsVaild.m"; sourceTree = "<group>"; };
		BFD8EED71E9CCED300934561 /* ALBaseProject_Prefix.pch */ = {isa = PBXFileReference; lastKnownFileType = sourcecode.c.h; path = ALBaseProject_Prefix.pch; sourceTree = "<group>"; };
		BFD8EED81E9CCFCC00934561 /* ALBaseViewModel.h */ = {isa = PBXFileReference; fileEncoding = 4; lastKnownFileType = sourcecode.c.h; path = ALBaseViewModel.h; sourceTree = "<group>"; };
		BFD8EED91E9CCFCC00934561 /* ALBaseViewModel.m */ = {isa = PBXFileReference; fileEncoding = 4; lastKnownFileType = sourcecode.c.objc; path = ALBaseViewModel.m; sourceTree = "<group>"; };
		BFD8EEE31E9DD42100934561 /* ALNetworkConnect.h */ = {isa = PBXFileReference; fileEncoding = 4; lastKnownFileType = sourcecode.c.h; path = ALNetworkConnect.h; sourceTree = "<group>"; };
		BFD8EEE41E9DD42100934561 /* ALNetworkConnect.m */ = {isa = PBXFileReference; fileEncoding = 4; lastKnownFileType = sourcecode.c.objc; path = ALNetworkConnect.m; sourceTree = "<group>"; };
		BFD8EEE61E9DF64100934561 /* ALHttpConfig.h */ = {isa = PBXFileReference; fileEncoding = 4; lastKnownFileType = sourcecode.c.h; path = ALHttpConfig.h; sourceTree = "<group>"; };
		BFD8EEE71E9DF64100934561 /* ALHttpConfig.m */ = {isa = PBXFileReference; fileEncoding = 4; lastKnownFileType = sourcecode.c.objc; path = ALHttpConfig.m; sourceTree = "<group>"; };
		BFD8EEEC1E9DF78800934561 /* ALConst.h */ = {isa = PBXFileReference; lastKnownFileType = sourcecode.c.h; path = ALConst.h; sourceTree = "<group>"; };
		BFDC24CC1EC971C5001F1867 /* ALCategory.h */ = {isa = PBXFileReference; lastKnownFileType = sourcecode.c.h; path = ALCategory.h; sourceTree = "<group>"; };
		BFDC24FC1ECA93EC001F1867 /* ALForgetPasswordViewController.h */ = {isa = PBXFileReference; fileEncoding = 4; lastKnownFileType = sourcecode.c.h; path = ALForgetPasswordViewController.h; sourceTree = "<group>"; };
		BFDC24FD1ECA93EC001F1867 /* ALForgetPasswordViewController.m */ = {isa = PBXFileReference; fileEncoding = 4; lastKnownFileType = sourcecode.c.objc; path = ALForgetPasswordViewController.m; sourceTree = "<group>"; };
		BFDC24FE1ECA93EC001F1867 /* ALLoginViewController.h */ = {isa = PBXFileReference; fileEncoding = 4; lastKnownFileType = sourcecode.c.h; path = ALLoginViewController.h; sourceTree = "<group>"; };
		BFDC24FF1ECA93EC001F1867 /* ALLoginViewController.m */ = {isa = PBXFileReference; fileEncoding = 4; lastKnownFileType = sourcecode.c.objc; path = ALLoginViewController.m; sourceTree = "<group>"; };
		BFDC25001ECA93EC001F1867 /* ALRegistViewController.h */ = {isa = PBXFileReference; fileEncoding = 4; lastKnownFileType = sourcecode.c.h; path = ALRegistViewController.h; sourceTree = "<group>"; };
		BFDC25011ECA93EC001F1867 /* ALRegistViewController.m */ = {isa = PBXFileReference; fileEncoding = 4; lastKnownFileType = sourcecode.c.objc; path = ALRegistViewController.m; sourceTree = "<group>"; };
		BFDC25061ECA9414001F1867 /* ALForgetPasswordViewModel.h */ = {isa = PBXFileReference; fileEncoding = 4; lastKnownFileType = sourcecode.c.h; path = ALForgetPasswordViewModel.h; sourceTree = "<group>"; };
		BFDC25071ECA9414001F1867 /* ALForgetPasswordViewModel.m */ = {isa = PBXFileReference; fileEncoding = 4; lastKnownFileType = sourcecode.c.objc; path = ALForgetPasswordViewModel.m; sourceTree = "<group>"; };
		BFDC25091ECA943D001F1867 /* ALLoginViewModel.h */ = {isa = PBXFileReference; fileEncoding = 4; lastKnownFileType = sourcecode.c.h; path = ALLoginViewModel.h; sourceTree = "<group>"; };
		BFDC250A1ECA943D001F1867 /* ALLoginViewModel.m */ = {isa = PBXFileReference; fileEncoding = 4; lastKnownFileType = sourcecode.c.objc; path = ALLoginViewModel.m; sourceTree = "<group>"; };
		BFDC250C1ECA9450001F1867 /* ALRegistViewModel.h */ = {isa = PBXFileReference; fileEncoding = 4; lastKnownFileType = sourcecode.c.h; path = ALRegistViewModel.h; sourceTree = "<group>"; };
		BFDC250D1ECA9450001F1867 /* ALRegistViewModel.m */ = {isa = PBXFileReference; fileEncoding = 4; lastKnownFileType = sourcecode.c.objc; path = ALRegistViewModel.m; sourceTree = "<group>"; };
		BFEB81AC1EB3412100E138A2 /* ALBaseThreeView.h */ = {isa = PBXFileReference; fileEncoding = 4; lastKnownFileType = sourcecode.c.h; path = ALBaseThreeView.h; sourceTree = "<group>"; };
		BFEB81AD1EB3412100E138A2 /* ALBaseThreeView.m */ = {isa = PBXFileReference; fileEncoding = 4; lastKnownFileType = sourcecode.c.objc; path = ALBaseThreeView.m; sourceTree = "<group>"; };
		BFEB81B21EB35A4900E138A2 /* head.jpg */ = {isa = PBXFileReference; lastKnownFileType = image.jpeg; path = head.jpg; sourceTree = "<group>"; };
		E98DD005318C6E3E76714EA7 /* libPods-MVVMBaseProjectUITests.a */ = {isa = PBXFileReference; explicitFileType = archive.ar; includeInIndex = 0; path = "libPods-MVVMBaseProjectUITests.a"; sourceTree = BUILT_PRODUCTS_DIR; };
		ED70D1C7F711A4E2D29EAF3B /* Pods-MVVMBaseProjectUITests.debug.xcconfig */ = {isa = PBXFileReference; includeInIndex = 1; lastKnownFileType = text.xcconfig; name = "Pods-MVVMBaseProjectUITests.debug.xcconfig"; path = "Pods/Target Support Files/Pods-MVVMBaseProjectUITests/Pods-MVVMBaseProjectUITests.debug.xcconfig"; sourceTree = "<group>"; };
/* End PBXFileReference section */

/* Begin PBXFrameworksBuildPhase section */
		BFA0E5531E9CBA8B00F4445B /* Frameworks */ = {
			isa = PBXFrameworksBuildPhase;
			buildActionMask = 2147483647;
			files = (
				E9E7F8A8886B1BAE66260750 /* libPods-MVVMBaseProject.a in Frameworks */,
			);
			runOnlyForDeploymentPostprocessing = 0;
		};
		BFA0E56C1E9CBA8B00F4445B /* Frameworks */ = {
			isa = PBXFrameworksBuildPhase;
			buildActionMask = 2147483647;
			files = (
				513BDABF2074EEFFFE4284E6 /* libPods-MVVMBaseProjectTests.a in Frameworks */,
			);
			runOnlyForDeploymentPostprocessing = 0;
		};
		BFA0E5771E9CBA8B00F4445B /* Frameworks */ = {
			isa = PBXFrameworksBuildPhase;
			buildActionMask = 2147483647;
			files = (
				7FC837364AAAA6805D4C0DF7 /* libPods-MVVMBaseProjectUITests.a in Frameworks */,
			);
			runOnlyForDeploymentPostprocessing = 0;
		};
/* End PBXFrameworksBuildPhase section */

/* Begin PBXGroup section */
		6901D48C543407154E8F0E5E /* Pods */ = {
			isa = PBXGroup;
			children = (
				3CFBB9DFCCE2D67AB2D3CF9D /* Pods-MVVMBaseProject.debug.xcconfig */,
				54F19E041A2A6341C2793AF7 /* Pods-MVVMBaseProject.release.xcconfig */,
				4ECAE4C6C7409A38D95ABDA4 /* Pods-MVVMBaseProjectTests.debug.xcconfig */,
				7CCCE110F6DC642241874FF3 /* Pods-MVVMBaseProjectTests.release.xcconfig */,
				ED70D1C7F711A4E2D29EAF3B /* Pods-MVVMBaseProjectUITests.debug.xcconfig */,
				0ECEF6D57D1B7CAF1E079059 /* Pods-MVVMBaseProjectUITests.release.xcconfig */,
			);
			name = Pods;
			sourceTree = "<group>";
		};
		72866E729E78F30241337836 /* Frameworks */ = {
			isa = PBXGroup;
			children = (
				182D5926D0CB7154FC68EFF8 /* libPods-MVVMBaseProject.a */,
				A70C326F7C0C08FEF6A0EFF5 /* libPods-MVVMBaseProjectTests.a */,
				E98DD005318C6E3E76714EA7 /* libPods-MVVMBaseProjectUITests.a */,
			);
			name = Frameworks;
			sourceTree = "<group>";
		};
		BF8975FD1E9E1B2A00592D60 /* View */ = {
			isa = PBXGroup;
			children = (
				BF8975FE1E9E1B2A00592D60 /* TwoViewController.h */,
				BF8975FF1E9E1B2A00592D60 /* TwoViewController.m */,
				BF89762F1E9F6BE800592D60 /* TwoTableViewCell.h */,
				BF8976301E9F6BE800592D60 /* TwoTableViewCell.m */,
			);
			path = View;
			sourceTree = "<group>";
		};
		BF8976011E9E1B3800592D60 /* View */ = {
			isa = PBXGroup;
			children = (
				BF89760A1E9E1B6200592D60 /* OneViewController.h */,
				BF89760B1E9E1B6200592D60 /* OneViewController.m */,
				BF8731E01EA4A7100001270A /* OneCollectionViewCell.h */,
				BF8731E11EA4A7100001270A /* OneCollectionViewCell.m */,
			);
			path = View;
			sourceTree = "<group>";
		};
		BF8976021E9E1B4400592D60 /* View */ = {
			isa = PBXGroup;
			children = (
				BF8976031E9E1B4400592D60 /* ThreeViewController.h */,
				BF8976041E9E1B4400592D60 /* ThreeViewController.m */,
				BFEB81AC1EB3412100E138A2 /* ALBaseThreeView.h */,
				BFEB81AD1EB3412100E138A2 /* ALBaseThreeView.m */,
				BF9E080C1EA8B6C10075EB45 /* OneView.h */,
				BF9E080D1EA8B6C10075EB45 /* OneView.m */,
				BF9E08151EA8BE0D0075EB45 /* TwoView.h */,
				BF9E08161EA8BE0D0075EB45 /* TwoView.m */,
				BF9E08181EA8BE3B0075EB45 /* ThreeView.h */,
				BF9E08191EA8BE3B0075EB45 /* ThreeView.m */,
				BF9E081B1EA8BE460075EB45 /* FourView.h */,
				BF9E081C1EA8BE460075EB45 /* FourView.m */,
				BF9E081E1EA8BE4E0075EB45 /* fiveView.h */,
				BF9E081F1EA8BE4E0075EB45 /* fiveView.m */,
				BF9E08211EA8BE5A0075EB45 /* SixView.h */,
				BF9E08221EA8BE5A0075EB45 /* SixView.m */,
				BF9E08241EA8BE640075EB45 /* SevenView.h */,
				BF9E08251EA8BE640075EB45 /* SevenView.m */,
				BF9E08271EA8BE700075EB45 /* EightView.h */,
				BF9E08281EA8BE700075EB45 /* EightView.m */,
				BF9E082A1EA8BE7B0075EB45 /* NineView.h */,
				BF9E082B1EA8BE7B0075EB45 /* NineView.m */,
				BF9E082D1EA8BE830075EB45 /* TenView.h */,
				BF9E082E1EA8BE830075EB45 /* TenView.m */,
			);
			path = View;
			sourceTree = "<group>";
		};
		BF8976061E9E1B4D00592D60 /* View */ = {
			isa = PBXGroup;
			children = (
				BF8976071E9E1B4D00592D60 /* FourViewController.h */,
				BF8976081E9E1B4D00592D60 /* FourViewController.m */,
			);
			path = View;
			sourceTree = "<group>";
		};
		BF89760D1E9E1B8700592D60 /* View */ = {
			isa = PBXGroup;
			children = (
				BF89760E1E9E1B8700592D60 /* ALBaseViewController.h */,
				BF89760F1E9E1B8700592D60 /* ALBaseViewController.m */,
				BF8976141E9E1D1500592D60 /* ALNavigationController.h */,
				BF8976151E9E1D1500592D60 /* ALNavigationController.m */,
				BF89761E1E9E2FDD00592D60 /* ALNavigationControllerStack.h */,
				BF89761F1E9E2FDD00592D60 /* ALNavigationControllerStack.m */,
				BF8976111E9E1C5600592D60 /* ALTabBarController.h */,
				BF8976121E9E1C5600592D60 /* ALTabBarController.m */,
				BF8976291E9F57F100592D60 /* ALTableViewController.h */,
				BF89762A1E9F57F100592D60 /* ALTableViewController.m */,
				BF8731D71EA49AF90001270A /* ALCollectionViewController.h */,
				BF8731D81EA49AF90001270A /* ALCollectionViewController.m */,
				BF9E07F31EA757110075EB45 /* ALScrollViewController.h */,
				BF9E07F41EA757110075EB45 /* ALScrollViewController.m */,
			);
			path = View;
			sourceTree = "<group>";
		};
		BFA0E54D1E9CBA8B00F4445B = {
			isa = PBXGroup;
			children = (
				BFA0E5581E9CBA8B00F4445B /* MVVMBaseProject */,
				BFA0E5721E9CBA8B00F4445B /* MVVMBaseProjectTests */,
				BFA0E57D1E9CBA8B00F4445B /* MVVMBaseProjectUITests */,
				BFA0E5571E9CBA8B00F4445B /* Products */,
				6901D48C543407154E8F0E5E /* Pods */,
				72866E729E78F30241337836 /* Frameworks */,
			);
			sourceTree = "<group>";
		};
		BFA0E5571E9CBA8B00F4445B /* Products */ = {
			isa = PBXGroup;
			children = (
				BFA0E5561E9CBA8B00F4445B /* MVVMBaseProject.app */,
				BFA0E56F1E9CBA8B00F4445B /* MVVMBaseProjectTests.xctest */,
				BFA0E57A1E9CBA8B00F4445B /* MVVMBaseProjectUITests.xctest */,
			);
			name = Products;
			sourceTree = "<group>";
		};
		BFA0E5581E9CBA8B00F4445B /* MVVMBaseProject */ = {
			isa = PBXGroup;
			children = (
				BFA0E58C1E9CBB8600F4445B /* Application */,
				BFA0E59F1E9CBE4800F4445B /* Classes */,
				BFA0E5991E9CBBA200F4445B /* Tool */,
				BFA0E59A1E9CBBA800F4445B /* Vendor */,
				BFA0E59B1E9CBBAD00F4445B /* Resource */,
				BFA0E5591E9CBA8B00F4445B /* Supporting Files */,
			);
			path = MVVMBaseProject;
			sourceTree = "<group>";
		};
		BFA0E5591E9CBA8B00F4445B /* Supporting Files */ = {
			isa = PBXGroup;
			children = (
				BFA0E56A1E9CBA8B00F4445B /* Info.plist */,
				BFA0E55A1E9CBA8B00F4445B /* main.m */,
				BFD8EED71E9CCED300934561 /* ALBaseProject_Prefix.pch */,
			);
			name = "Supporting Files";
			sourceTree = "<group>";
		};
		BFA0E5721E9CBA8B00F4445B /* MVVMBaseProjectTests */ = {
			isa = PBXGroup;
			children = (
				BFA0E5731E9CBA8B00F4445B /* MVVMBaseProjectTests.m */,
				BFA0E5751E9CBA8B00F4445B /* Info.plist */,
			);
			path = MVVMBaseProjectTests;
			sourceTree = "<group>";
		};
		BFA0E57D1E9CBA8B00F4445B /* MVVMBaseProjectUITests */ = {
			isa = PBXGroup;
			children = (
				BFA0E57E1E9CBA8B00F4445B /* MVVMBaseProjectUITests.m */,
				BFA0E5801E9CBA8B00F4445B /* Info.plist */,
			);
			path = MVVMBaseProjectUITests;
			sourceTree = "<group>";
		};
		BFA0E58C1E9CBB8600F4445B /* Application */ = {
			isa = PBXGroup;
			children = (
				BFA0E59C1E9CBC0100F4445B /* ALAppDelegate.h */,
				BFA0E59D1E9CBC0100F4445B /* ALAppDelegate.m */,
			);
			path = Application;
			sourceTree = "<group>";
		};
		BFA0E5991E9CBBA200F4445B /* Tool */ = {
			isa = PBXGroup;
			children = (
				BFA0E5BB1E9CBEF800F4445B /* Category */,
				BFA0E5BC1E9CBEF800F4445B /* Configure */,
				BFA0E5BD1E9CBEF800F4445B /* NetWork */,
				BFA0E5BE1E9CBEF800F4445B /* Utils */,
			);
			path = Tool;
			sourceTree = "<group>";
		};
		BFA0E59A1E9CBBA800F4445B /* Vendor */ = {
			isa = PBXGroup;
			children = (
			);
			path = Vendor;
			sourceTree = "<group>";
		};
		BFA0E59B1E9CBBAD00F4445B /* Resource */ = {
			isa = PBXGroup;
			children = (
				BFA0E58F1E9CBB8600F4445B /* Assets.xcassets */,
				BFEB81AF1EB356CE00E138A2 /* image */,
			);
			path = Resource;
			sourceTree = "<group>";
		};
		BFA0E59F1E9CBE4800F4445B /* Classes */ = {
			isa = PBXGroup;
			children = (
				BFA0E5A01E9CBE4800F4445B /* Base */,
				BFDC24F01EC9B555001F1867 /* LoginModule */,
				BFA0E5AB1E9CBE4800F4445B /* One */,
				BFA0E5B61E9CBE4800F4445B /* Two */,
				BFA0E5B11E9CBE4800F4445B /* Three */,
				BFA0E5A51E9CBE4800F4445B /* Four */,
			);
			path = Classes;
			sourceTree = "<group>";
		};
		BFA0E5A01E9CBE4800F4445B /* Base */ = {
			isa = PBXGroup;
			children = (
				BFA0E5A21E9CBE4800F4445B /* Model */,
				BF89760D1E9E1B8700592D60 /* View */,
				BFA0E5A31E9CBE4800F4445B /* ViewModel */,
			);
			path = Base;
			sourceTree = "<group>";
		};
		BFA0E5A21E9CBE4800F4445B /* Model */ = {
			isa = PBXGroup;
			children = (
				BF8976441EA063E000592D60 /* ALNetworkService.h */,
				BF8976451EA068A100592D60 /* ALNetworkServicelmpl.h */,
				BF8976461EA068A100592D60 /* ALNetworkServicelmpl.m */,
			);
			path = Model;
			sourceTree = "<group>";
		};
		BFA0E5A31E9CBE4800F4445B /* ViewModel */ = {
			isa = PBXGroup;
			children = (
				BF89761D1E9E276300592D60 /* ALNavigationProtocol.h */,
				BF89761A1E9E274A00592D60 /* ALViewModelServices.h */,
				BF8976411EA0631300592D60 /* ALViewModelServicesImpl.h */,
				BF8976421EA0631300592D60 /* ALViewModelServicesImpl.m */,
				BFD8EED81E9CCFCC00934561 /* ALBaseViewModel.h */,
				BFD8EED91E9CCFCC00934561 /* ALBaseViewModel.m */,
				BF8976171E9E207000592D60 /* ALTabBarViewModel.h */,
				BF8976181E9E207000592D60 /* ALTabBarViewModel.m */,
				BF89762C1E9F585700592D60 /* ALTableViewModel.h */,
				BF89762D1E9F585700592D60 /* ALTableViewModel.m */,
				BF8731DA1EA49B100001270A /* ALCollectionViewModel.h */,
				BF8731DB1EA49B100001270A /* ALCollectionViewModel.m */,
				BF9E07F61EA757260075EB45 /* ALScrollViewModel.h */,
				BF9E07F71EA757260075EB45 /* ALScrollViewModel.m */,
			);
			path = ViewModel;
			sourceTree = "<group>";
		};
		BFA0E5A51E9CBE4800F4445B /* Four */ = {
			isa = PBXGroup;
			children = (
				BFA0E5A71E9CBE4800F4445B /* Model */,
				BF8976061E9E1B4D00592D60 /* View */,
				BFA0E5A81E9CBE4800F4445B /* ViewModel */,
			);
			path = Four;
			sourceTree = "<group>";
		};
		BFA0E5A71E9CBE4800F4445B /* Model */ = {
			isa = PBXGroup;
			children = (
			);
			path = Model;
			sourceTree = "<group>";
		};
		BFA0E5A81E9CBE4800F4445B /* ViewModel */ = {
			isa = PBXGroup;
			children = (
				BF8975F71E9DFF1B00592D60 /* FourViewModel.h */,
				BF8975F81E9DFF1B00592D60 /* FourViewModel.m */,
			);
			path = ViewModel;
			sourceTree = "<group>";
		};
		BFA0E5AB1E9CBE4800F4445B /* One */ = {
			isa = PBXGroup;
			children = (
				BFA0E5AD1E9CBE4800F4445B /* Model */,
				BF8976011E9E1B3800592D60 /* View */,
				BFA0E5AE1E9CBE4800F4445B /* ViewModel */,
			);
			path = One;
			sourceTree = "<group>";
		};
		BFA0E5AD1E9CBE4800F4445B /* Model */ = {
			isa = PBXGroup;
			children = (
				BF8731DD1EA4A5BC0001270A /* OneModel.h */,
				BF8731DE1EA4A5BC0001270A /* OneModel.m */,
			);
			path = Model;
			sourceTree = "<group>";
		};
		BFA0E5AE1E9CBE4800F4445B /* ViewModel */ = {
			isa = PBXGroup;
			children = (
				BF8975EE1E9DFEF800592D60 /* OneViewModel.h */,
				BF8975EF1E9DFEF800592D60 /* OneViewModel.m */,
			);
			path = ViewModel;
			sourceTree = "<group>";
		};
		BFA0E5B11E9CBE4800F4445B /* Three */ = {
			isa = PBXGroup;
			children = (
				BFA0E5B31E9CBE4800F4445B /* Model */,
				BF8976021E9E1B4400592D60 /* View */,
				BFA0E5B41E9CBE4800F4445B /* ViewModel */,
			);
			path = Three;
			sourceTree = "<group>";
		};
		BFA0E5B31E9CBE4800F4445B /* Model */ = {
			isa = PBXGroup;
			children = (
				BF9E07FE1EA75CC90075EB45 /* ThreeModel.h */,
				BF9E07FF1EA75CC90075EB45 /* ThreeModel.m */,
			);
			path = Model;
			sourceTree = "<group>";
		};
		BFA0E5B41E9CBE4800F4445B /* ViewModel */ = {
			isa = PBXGroup;
			children = (
				BF8975F41E9DFF1000592D60 /* ThreeViewModel.h */,
				BF8975F51E9DFF1000592D60 /* ThreeViewModel.m */,
			);
			path = ViewModel;
			sourceTree = "<group>";
		};
		BFA0E5B61E9CBE4800F4445B /* Two */ = {
			isa = PBXGroup;
			children = (
				BFA0E5B81E9CBE4800F4445B /* Model */,
				BF8975FD1E9E1B2A00592D60 /* View */,
				BFA0E5B91E9CBE4800F4445B /* ViewModel */,
			);
			path = Two;
			sourceTree = "<group>";
		};
		BFA0E5B81E9CBE4800F4445B /* Model */ = {
			isa = PBXGroup;
			children = (
				BF8976331E9F70C800592D60 /* TwoModel.h */,
				BF8976341E9F70C800592D60 /* TwoModel.m */,
			);
			path = Model;
			sourceTree = "<group>";
		};
		BFA0E5B91E9CBE4800F4445B /* ViewModel */ = {
			isa = PBXGroup;
			children = (
				BF8975F11E9DFF0500592D60 /* TwoViewModel.h */,
				BF8975F21E9DFF0500592D60 /* TwoViewModel.m */,
			);
			path = ViewModel;
			sourceTree = "<group>";
		};
		BFA0E5BB1E9CBEF800F4445B /* Category */ = {
			isa = PBXGroup;
			children = (
				BFDC24CC1EC971C5001F1867 /* ALCategory.h */,
				BF8731EF1EA4C63F0001270A /* UIButton+JKTouchAreaInsets.h */,
				BF8731F01EA4C63F0001270A /* UIButton+JKTouchAreaInsets.m */,
				BF8731F11EA4C63F0001270A /* NSDate+JKUtilities.h */,
				BF8731F21EA4C63F0001270A /* NSDate+JKUtilities.m */,
				BF8731F31EA4C63F0001270A /* UIDevice+YYAdd.h */,
				BF8731F41EA4C63F0001270A /* UIDevice+YYAdd.m */,
				BF8731F71EA4C63F0001270A /* NSString+JKSize.h */,
				BF8731F81EA4C63F0001270A /* NSString+JKSize.m */,
				BF8731F91EA4C63F0001270A /* UIColor+JKHEX.h */,
				BF8731FA1EA4C63F0001270A /* UIColor+JKHEX.m */,
				BF8731FB1EA4C63F0001270A /* NSArray+JKSafeAccess.h */,
				BF8731FC1EA4C63F0001270A /* NSArray+JKSafeAccess.m */,
				BF8731FD1EA4C63F0001270A /* NSDictionary+JKSafeAccess.h */,
				BF8731FE1EA4C63F0001270A /* NSDictionary+JKSafeAccess.m */,
				BF66674A1ECAEECC009D7CE6 /* NSDictionary+NetParams.h */,
				BF66674B1ECAEECC009D7CE6 /* NSDictionary+NetParams.m */,
				BF8732011EA4C63F0001270A /* UIView+ALFrame.h */,
				BF8732021EA4C63F0001270A /* UIView+ALFrame.m */,
				BF8732031EA4C63F0001270A /* UIImage+ALColor.h */,
				BF8732041EA4C63F0001270A /* UIImage+ALColor.m */,
				BF8732071EA4C63F0001270A /* NSObject+ALUserDefault.h */,
				BF8732081EA4C63F0001270A /* NSObject+ALUserDefault.m */,
				BF8732091EA4C63F0001270A /* UIButton+ALCountDown.h */,
				BF87320A1EA4C63F0001270A /* UIButton+ALCountDown.m */,
				BF87320B1EA4C63F0001270A /* UIFont+DeviceSize.h */,
				BF87320C1EA4C63F0001270A /* UIFont+DeviceSize.m */,
				BF8731CF1EA48B5B0001270A /* UIImage+ResetSize.h */,
				BF8731D01EA48B5B0001270A /* UIImage+ResetSize.m */,
				BF9E08301EA8C1C70075EB45 /* UIView+ALBindModel.h */,
				BF9E08311EA8C1C70075EB45 /* UIView+ALBindModel.m */,
				BFBB59AE1EC94A0B008248EB /* NSObject+IsVaild.h */,
				BFBB59AF1EC94A0B008248EB /* NSObject+IsVaild.m */,
			);
			path = Category;
			sourceTree = "<group>";
		};
		BFA0E5BC1E9CBEF800F4445B /* Configure */ = {
			isa = PBXGroup;
			children = (
				BF8975E11E9DFCC900592D60 /* ALConfig.h */,
				BFD8EEEC1E9DF78800934561 /* ALConst.h */,
				BFD8EEE31E9DD42100934561 /* ALNetworkConnect.h */,
				BFD8EEE41E9DD42100934561 /* ALNetworkConnect.m */,
				BFD8EEE61E9DF64100934561 /* ALHttpConfig.h */,
				BFD8EEE71E9DF64100934561 /* ALHttpConfig.m */,
			);
			path = Configure;
			sourceTree = "<group>";
		};
		BFA0E5BD1E9CBEF800F4445B /* NetWork */ = {
			isa = PBXGroup;
			children = (
			);
			path = NetWork;
			sourceTree = "<group>";
		};
		BFA0E5BE1E9CBEF800F4445B /* Utils */ = {
			isa = PBXGroup;
			children = (
				BF87322B1EA4CE7B0001270A /* QRViewController.h */,
				BF87322C1EA4CE7B0001270A /* QRViewController.m */,
				BF8732221EA4CD5E0001270A /* CommonTools.h */,
				BF8732231EA4CD5E0001270A /* CommonTools.m */,
				BF8732241EA4CD5E0001270A /* RACCommonTools.h */,
				BF8732251EA4CD5E0001270A /* RACCommonTools.m */,
				BF8976261E9F160700592D60 /* ALViewRouter.h */,
				BF8976271E9F160700592D60 /* ALViewRouter.m */,
				BF44CA281EA0848500EA4054 /* ALShowMessageView.h */,
				BF44CA291EA0848500EA4054 /* ALShowMessageView.m */,
				BF8731EC1EA4C4EA0001270A /* ALAlertController.h */,
				BF8731ED1EA4C4EA0001270A /* ALAlertController.m */,
				BF8731E91EA4B8660001270A /* ALFileManager.h */,
				BF8731EA1EA4B8660001270A /* ALFileManager.m */,
				BF87321F1EA4CC9C0001270A /* ALNativeLocation.h */,
				BF8732201EA4CC9C0001270A /* ALNativeLocation.m */,
				BF8732281EA4CDC30001270A /* ALImagePickerController.h */,
				BF8732291EA4CDC30001270A /* ALImagePickerController.m */,
			);
			path = Utils;
			sourceTree = "<group>";
		};
		BFDC24F01EC9B555001F1867 /* LoginModule */ = {
			isa = PBXGroup;
			children = (
				BFDC24FA1ECA93EC001F1867 /* Model */,
				BFDC24FB1ECA93EC001F1867 /* View */,
				BFDC25021ECA93EC001F1867 /* ViewModel */,
			);
			path = LoginModule;
			sourceTree = "<group>";
		};
		BFDC24FA1ECA93EC001F1867 /* Model */ = {
			isa = PBXGroup;
			children = (
				BF6667421ECAE5FB009D7CE6 /* ALUserModel.h */,
				BF6667431ECAE5FB009D7CE6 /* ALUserModel.m */,
			);
			path = Model;
			sourceTree = "<group>";
		};
		BFDC24FB1ECA93EC001F1867 /* View */ = {
			isa = PBXGroup;
			children = (
				BFDC24FC1ECA93EC001F1867 /* ALForgetPasswordViewController.h */,
				BFDC24FD1ECA93EC001F1867 /* ALForgetPasswordViewController.m */,
				BFDC24FE1ECA93EC001F1867 /* ALLoginViewController.h */,
				BFDC24FF1ECA93EC001F1867 /* ALLoginViewController.m */,
				BFDC25001ECA93EC001F1867 /* ALRegistViewController.h */,
				BFDC25011ECA93EC001F1867 /* ALRegistViewController.m */,
			);
			path = View;
			sourceTree = "<group>";
		};
		BFDC25021ECA93EC001F1867 /* ViewModel */ = {
			isa = PBXGroup;
			children = (
				BFDC25061ECA9414001F1867 /* ALForgetPasswordViewModel.h */,
				BFDC25071ECA9414001F1867 /* ALForgetPasswordViewModel.m */,
				BFDC25091ECA943D001F1867 /* ALLoginViewModel.h */,
				BFDC250A1ECA943D001F1867 /* ALLoginViewModel.m */,
				BFDC250C1ECA9450001F1867 /* ALRegistViewModel.h */,
				BFDC250D1ECA9450001F1867 /* ALRegistViewModel.m */,
			);
			path = ViewModel;
			sourceTree = "<group>";
		};
		BFEB81AF1EB356CE00E138A2 /* image */ = {
			isa = PBXGroup;
			children = (
				BFEB81B21EB35A4900E138A2 /* head.jpg */,
			);
			path = image;
			sourceTree = "<group>";
		};
/* End PBXGroup section */

/* Begin PBXNativeTarget section */
		BFA0E5551E9CBA8B00F4445B /* MVVMBaseProject */ = {
			isa = PBXNativeTarget;
			buildConfigurationList = BFA0E5831E9CBA8B00F4445B /* Build configuration list for PBXNativeTarget "MVVMBaseProject" */;
			buildPhases = (
				BBD3FF68C9625B644C47DEE5 /* [CP] Check Pods Manifest.lock */,
				BFA0E5521E9CBA8B00F4445B /* Sources */,
				BFA0E5531E9CBA8B00F4445B /* Frameworks */,
				BFA0E5541E9CBA8B00F4445B /* Resources */,
				C0637FFF8926A4418C4F6ACD /* [CP] Embed Pods Frameworks */,
				9F8E139012718ABD9A7E541A /* [CP] Copy Pods Resources */,
			);
			buildRules = (
			);
			dependencies = (
			);
			name = MVVMBaseProject;
			productName = MVVMBaseProject;
			productReference = BFA0E5561E9CBA8B00F4445B /* MVVMBaseProject.app */;
			productType = "com.apple.product-type.application";
		};
		BFA0E56E1E9CBA8B00F4445B /* MVVMBaseProjectTests */ = {
			isa = PBXNativeTarget;
			buildConfigurationList = BFA0E5861E9CBA8B00F4445B /* Build configuration list for PBXNativeTarget "MVVMBaseProjectTests" */;
			buildPhases = (
				F3525EF2BDE413C730B9A7B6 /* [CP] Check Pods Manifest.lock */,
				BFA0E56B1E9CBA8B00F4445B /* Sources */,
				BFA0E56C1E9CBA8B00F4445B /* Frameworks */,
				BFA0E56D1E9CBA8B00F4445B /* Resources */,
				F1D212B0579F6AD6C70F68CC /* [CP] Embed Pods Frameworks */,
				F090FA1A31A18F527B51A824 /* [CP] Copy Pods Resources */,
			);
			buildRules = (
			);
			dependencies = (
				BFA0E5711E9CBA8B00F4445B /* PBXTargetDependency */,
			);
			name = MVVMBaseProjectTests;
			productName = MVVMBaseProjectTests;
			productReference = BFA0E56F1E9CBA8B00F4445B /* MVVMBaseProjectTests.xctest */;
			productType = "com.apple.product-type.bundle.unit-test";
		};
		BFA0E5791E9CBA8B00F4445B /* MVVMBaseProjectUITests */ = {
			isa = PBXNativeTarget;
			buildConfigurationList = BFA0E5891E9CBA8B00F4445B /* Build configuration list for PBXNativeTarget "MVVMBaseProjectUITests" */;
			buildPhases = (
				9EE12F08DDEA053B755C93F5 /* [CP] Check Pods Manifest.lock */,
				BFA0E5761E9CBA8B00F4445B /* Sources */,
				BFA0E5771E9CBA8B00F4445B /* Frameworks */,
				BFA0E5781E9CBA8B00F4445B /* Resources */,
				4C9F48F0F24004D9CF3FE0B0 /* [CP] Embed Pods Frameworks */,
				AAD12C4E90F667A0D064242A /* [CP] Copy Pods Resources */,
			);
			buildRules = (
			);
			dependencies = (
				BFA0E57C1E9CBA8B00F4445B /* PBXTargetDependency */,
			);
			name = MVVMBaseProjectUITests;
			productName = MVVMBaseProjectUITests;
			productReference = BFA0E57A1E9CBA8B00F4445B /* MVVMBaseProjectUITests.xctest */;
			productType = "com.apple.product-type.bundle.ui-testing";
		};
/* End PBXNativeTarget section */

/* Begin PBXProject section */
		BFA0E54E1E9CBA8B00F4445B /* Project object */ = {
			isa = PBXProject;
			attributes = {
				LastUpgradeCheck = 0830;
				ORGANIZATIONNAME = along;
				TargetAttributes = {
					BFA0E5551E9CBA8B00F4445B = {
						CreatedOnToolsVersion = 8.3.1;
						ProvisioningStyle = Automatic;
					};
					BFA0E56E1E9CBA8B00F4445B = {
						CreatedOnToolsVersion = 8.3.1;
						ProvisioningStyle = Automatic;
						TestTargetID = BFA0E5551E9CBA8B00F4445B;
					};
					BFA0E5791E9CBA8B00F4445B = {
						CreatedOnToolsVersion = 8.3.1;
						ProvisioningStyle = Automatic;
						TestTargetID = BFA0E5551E9CBA8B00F4445B;
					};
				};
			};
			buildConfigurationList = BFA0E5511E9CBA8B00F4445B /* Build configuration list for PBXProject "MVVMBaseProject" */;
			compatibilityVersion = "Xcode 3.2";
			developmentRegion = English;
			hasScannedForEncodings = 0;
			knownRegions = (
				en,
				Base,
			);
			mainGroup = BFA0E54D1E9CBA8B00F4445B;
			productRefGroup = BFA0E5571E9CBA8B00F4445B /* Products */;
			projectDirPath = "";
			projectRoot = "";
			targets = (
				BFA0E5551E9CBA8B00F4445B /* MVVMBaseProject */,
				BFA0E56E1E9CBA8B00F4445B /* MVVMBaseProjectTests */,
				BFA0E5791E9CBA8B00F4445B /* MVVMBaseProjectUITests */,
			);
		};
/* End PBXProject section */

/* Begin PBXResourcesBuildPhase section */
		BFA0E5541E9CBA8B00F4445B /* Resources */ = {
			isa = PBXResourcesBuildPhase;
			buildActionMask = 2147483647;
			files = (
				BFEB81B31EB35A4900E138A2 /* head.jpg in Resources */,
				BFA0E5951E9CBB8600F4445B /* Assets.xcassets in Resources */,
			);
			runOnlyForDeploymentPostprocessing = 0;
		};
		BFA0E56D1E9CBA8B00F4445B /* Resources */ = {
			isa = PBXResourcesBuildPhase;
			buildActionMask = 2147483647;
			files = (
			);
			runOnlyForDeploymentPostprocessing = 0;
		};
		BFA0E5781E9CBA8B00F4445B /* Resources */ = {
			isa = PBXResourcesBuildPhase;
			buildActionMask = 2147483647;
			files = (
			);
			runOnlyForDeploymentPostprocessing = 0;
		};
/* End PBXResourcesBuildPhase section */

/* Begin PBXShellScriptBuildPhase section */
		4C9F48F0F24004D9CF3FE0B0 /* [CP] Embed Pods Frameworks */ = {
			isa = PBXShellScriptBuildPhase;
			buildActionMask = 2147483647;
			files = (
			);
			inputPaths = (
			);
			name = "[CP] Embed Pods Frameworks";
			outputPaths = (
			);
			runOnlyForDeploymentPostprocessing = 0;
			shellPath = /bin/sh;
			shellScript = "\"${SRCROOT}/Pods/Target Support Files/Pods-MVVMBaseProjectUITests/Pods-MVVMBaseProjectUITests-frameworks.sh\"\n";
			showEnvVarsInLog = 0;
		};
		9EE12F08DDEA053B755C93F5 /* [CP] Check Pods Manifest.lock */ = {
			isa = PBXShellScriptBuildPhase;
			buildActionMask = 2147483647;
			files = (
			);
			inputPaths = (
			);
			name = "[CP] Check Pods Manifest.lock";
			outputPaths = (
			);
			runOnlyForDeploymentPostprocessing = 0;
			shellPath = /bin/sh;
			shellScript = "diff \"${PODS_ROOT}/../Podfile.lock\" \"${PODS_ROOT}/Manifest.lock\" > /dev/null\nif [ $? != 0 ] ; then\n    # print error to STDERR\n    echo \"error: The sandbox is not in sync with the Podfile.lock. Run 'pod install' or update your CocoaPods installation.\" >&2\n    exit 1\nfi\n";
			showEnvVarsInLog = 0;
		};
		9F8E139012718ABD9A7E541A /* [CP] Copy Pods Resources */ = {
			isa = PBXShellScriptBuildPhase;
			buildActionMask = 2147483647;
			files = (
			);
			inputPaths = (
			);
			name = "[CP] Copy Pods Resources";
			outputPaths = (
			);
			runOnlyForDeploymentPostprocessing = 0;
			shellPath = /bin/sh;
			shellScript = "\"${SRCROOT}/Pods/Target Support Files/Pods-MVVMBaseProject/Pods-MVVMBaseProject-resources.sh\"\n";
			showEnvVarsInLog = 0;
		};
		AAD12C4E90F667A0D064242A /* [CP] Copy Pods Resources */ = {
			isa = PBXShellScriptBuildPhase;
			buildActionMask = 2147483647;
			files = (
			);
			inputPaths = (
			);
			name = "[CP] Copy Pods Resources";
			outputPaths = (
			);
			runOnlyForDeploymentPostprocessing = 0;
			shellPath = /bin/sh;
			shellScript = "\"${SRCROOT}/Pods/Target Support Files/Pods-MVVMBaseProjectUITests/Pods-MVVMBaseProjectUITests-resources.sh\"\n";
			showEnvVarsInLog = 0;
		};
		BBD3FF68C9625B644C47DEE5 /* [CP] Check Pods Manifest.lock */ = {
			isa = PBXShellScriptBuildPhase;
			buildActionMask = 2147483647;
			files = (
			);
			inputPaths = (
			);
			name = "[CP] Check Pods Manifest.lock";
			outputPaths = (
			);
			runOnlyForDeploymentPostprocessing = 0;
			shellPath = /bin/sh;
			shellScript = "diff \"${PODS_ROOT}/../Podfile.lock\" \"${PODS_ROOT}/Manifest.lock\" > /dev/null\nif [ $? != 0 ] ; then\n    # print error to STDERR\n    echo \"error: The sandbox is not in sync with the Podfile.lock. Run 'pod install' or update your CocoaPods installation.\" >&2\n    exit 1\nfi\n";
			showEnvVarsInLog = 0;
		};
		C0637FFF8926A4418C4F6ACD /* [CP] Embed Pods Frameworks */ = {
			isa = PBXShellScriptBuildPhase;
			buildActionMask = 2147483647;
			files = (
			);
			inputPaths = (
			);
			name = "[CP] Embed Pods Frameworks";
			outputPaths = (
			);
			runOnlyForDeploymentPostprocessing = 0;
			shellPath = /bin/sh;
			shellScript = "\"${SRCROOT}/Pods/Target Support Files/Pods-MVVMBaseProject/Pods-MVVMBaseProject-frameworks.sh\"\n";
			showEnvVarsInLog = 0;
		};
		F090FA1A31A18F527B51A824 /* [CP] Copy Pods Resources */ = {
			isa = PBXShellScriptBuildPhase;
			buildActionMask = 2147483647;
			files = (
			);
			inputPaths = (
			);
			name = "[CP] Copy Pods Resources";
			outputPaths = (
			);
			runOnlyForDeploymentPostprocessing = 0;
			shellPath = /bin/sh;
			shellScript = "\"${SRCROOT}/Pods/Target Support Files/Pods-MVVMBaseProjectTests/Pods-MVVMBaseProjectTests-resources.sh\"\n";
			showEnvVarsInLog = 0;
		};
		F1D212B0579F6AD6C70F68CC /* [CP] Embed Pods Frameworks */ = {
			isa = PBXShellScriptBuildPhase;
			buildActionMask = 2147483647;
			files = (
			);
			inputPaths = (
			);
			name = "[CP] Embed Pods Frameworks";
			outputPaths = (
			);
			runOnlyForDeploymentPostprocessing = 0;
			shellPath = /bin/sh;
			shellScript = "\"${SRCROOT}/Pods/Target Support Files/Pods-MVVMBaseProjectTests/Pods-MVVMBaseProjectTests-frameworks.sh\"\n";
			showEnvVarsInLog = 0;
		};
		F3525EF2BDE413C730B9A7B6 /* [CP] Check Pods Manifest.lock */ = {
			isa = PBXShellScriptBuildPhase;
			buildActionMask = 2147483647;
			files = (
			);
			inputPaths = (
			);
			name = "[CP] Check Pods Manifest.lock";
			outputPaths = (
			);
			runOnlyForDeploymentPostprocessing = 0;
			shellPath = /bin/sh;
			shellScript = "diff \"${PODS_ROOT}/../Podfile.lock\" \"${PODS_ROOT}/Manifest.lock\" > /dev/null\nif [ $? != 0 ] ; then\n    # print error to STDERR\n    echo \"error: The sandbox is not in sync with the Podfile.lock. Run 'pod install' or update your CocoaPods installation.\" >&2\n    exit 1\nfi\n";
			showEnvVarsInLog = 0;
		};
/* End PBXShellScriptBuildPhase section */

/* Begin PBXSourcesBuildPhase section */
		BFA0E5521E9CBA8B00F4445B /* Sources */ = {
			isa = PBXSourcesBuildPhase;
			buildActionMask = 2147483647;
			files = (
				BF8732191EA4C63F0001270A /* UIImage+ALColor.m in Sources */,
				BF8732161EA4C63F0001270A /* NSDictionary+JKSafeAccess.m in Sources */,
				BF8976091E9E1B4D00592D60 /* FourViewController.m in Sources */,
				BFD8EEE81E9DF64100934561 /* ALHttpConfig.m in Sources */,
				BF8732151EA4C63F0001270A /* NSArray+JKSafeAccess.m in Sources */,
				BF87321C1EA4C63F0001270A /* UIButton+ALCountDown.m in Sources */,
				BF8975F01E9DFEF800592D60 /* OneViewModel.m in Sources */,
				BF8976051E9E1B4400592D60 /* ThreeViewController.m in Sources */,
				BF8976191E9E207000592D60 /* ALTabBarViewModel.m in Sources */,
				BF87320F1EA4C63F0001270A /* UIButton+JKTouchAreaInsets.m in Sources */,
				BF9E082C1EA8BE7B0075EB45 /* NineView.m in Sources */,
				BF8976161E9E1D1500592D60 /* ALNavigationController.m in Sources */,
				BF9E08231EA8BE5A0075EB45 /* SixView.m in Sources */,
				BF9E08261EA8BE640075EB45 /* SevenView.m in Sources */,
				BFDC250E1ECA9450001F1867 /* ALRegistViewModel.m in Sources */,
				BF8976201E9E2FDD00592D60 /* ALNavigationControllerStack.m in Sources */,
				BFDC250B1ECA943D001F1867 /* ALLoginViewModel.m in Sources */,
				BF8976351E9F70C800592D60 /* TwoModel.m in Sources */,
				BF8976311E9F6BE800592D60 /* TwoTableViewCell.m in Sources */,
				BF87322D1EA4CE7B0001270A /* QRViewController.m in Sources */,
				BFD8EEE51E9DD42100934561 /* ALNetworkConnect.m in Sources */,
				BF66674C1ECAEECC009D7CE6 /* NSDictionary+NetParams.m in Sources */,
				BF8976471EA068A100592D60 /* ALNetworkServicelmpl.m in Sources */,
				BFDC25041ECA93EC001F1867 /* ALLoginViewController.m in Sources */,
				BF8731D91EA49AF90001270A /* ALCollectionViewController.m in Sources */,
				BF8731DF1EA4A5BC0001270A /* OneModel.m in Sources */,
				BF8731EB1EA4B8660001270A /* ALFileManager.m in Sources */,
				BF8976001E9E1B2A00592D60 /* TwoViewController.m in Sources */,
				BF9E08321EA8C1C70075EB45 /* UIView+ALBindModel.m in Sources */,
				BFDC25051ECA93EC001F1867 /* ALRegistViewController.m in Sources */,
				BF8732211EA4CC9C0001270A /* ALNativeLocation.m in Sources */,
				BF89760C1E9E1B6200592D60 /* OneViewController.m in Sources */,
				BF8731E21EA4A7100001270A /* OneCollectionViewCell.m in Sources */,
				BF9E08201EA8BE4E0075EB45 /* fiveView.m in Sources */,
				BF8731EE1EA4C4EA0001270A /* ALAlertController.m in Sources */,
				BF8976101E9E1B8700592D60 /* ALBaseViewController.m in Sources */,
				BF89762E1E9F585700592D60 /* ALTableViewModel.m in Sources */,
				BFEB81AE1EB3412100E138A2 /* ALBaseThreeView.m in Sources */,
				BFD8EEDA1E9CCFCC00934561 /* ALBaseViewModel.m in Sources */,
				BF9E08171EA8BE0D0075EB45 /* TwoView.m in Sources */,
				BFA0E55B1E9CBA8B00F4445B /* main.m in Sources */,
				BF9E082F1EA8BE830075EB45 /* TenView.m in Sources */,
				BF8732111EA4C63F0001270A /* UIDevice+YYAdd.m in Sources */,
				BF8976431EA0631300592D60 /* ALViewModelServicesImpl.m in Sources */,
				BF8732181EA4C63F0001270A /* UIView+ALFrame.m in Sources */,
				BF9E07F81EA757260075EB45 /* ALScrollViewModel.m in Sources */,
				BF44CA2A1EA0848500EA4054 /* ALShowMessageView.m in Sources */,
				BF87321B1EA4C63F0001270A /* NSObject+ALUserDefault.m in Sources */,
				BF8732271EA4CD5E0001270A /* RACCommonTools.m in Sources */,
				BF9E081A1EA8BE3B0075EB45 /* ThreeView.m in Sources */,
				BF8732261EA4CD5E0001270A /* CommonTools.m in Sources */,
				BF8732131EA4C63F0001270A /* NSString+JKSize.m in Sources */,
				BF9E07F51EA757110075EB45 /* ALScrollViewController.m in Sources */,
				BF8975F91E9DFF1B00592D60 /* FourViewModel.m in Sources */,
				BF9E081D1EA8BE460075EB45 /* FourView.m in Sources */,
				BF8731D11EA48B5B0001270A /* UIImage+ResetSize.m in Sources */,
				BF8976131E9E1C5600592D60 /* ALTabBarController.m in Sources */,
				BF8975F61E9DFF1000592D60 /* ThreeViewModel.m in Sources */,
				BFDC25031ECA93EC001F1867 /* ALForgetPasswordViewController.m in Sources */,
				BF9E08001EA75CC90075EB45 /* ThreeModel.m in Sources */,
				BF8731DC1EA49B100001270A /* ALCollectionViewModel.m in Sources */,
				BF87321D1EA4C63F0001270A /* UIFont+DeviceSize.m in Sources */,
				BF8975F31E9DFF0500592D60 /* TwoViewModel.m in Sources */,
				BF9E080E1EA8B6C10075EB45 /* OneView.m in Sources */,
				BF8732141EA4C63F0001270A /* UIColor+JKHEX.m in Sources */,
				BF8732101EA4C63F0001270A /* NSDate+JKUtilities.m in Sources */,
				BF87322A1EA4CDC30001270A /* ALImagePickerController.m in Sources */,
				BF8976281E9F160700592D60 /* ALViewRouter.m in Sources */,
				BFA0E59E1E9CBC0100F4445B /* ALAppDelegate.m in Sources */,
				BF6667441ECAE5FB009D7CE6 /* ALUserModel.m in Sources */,
				BFBB59B01EC94A0B008248EB /* NSObject+IsVaild.m in Sources */,
				BFDC25081ECA9414001F1867 /* ALForgetPasswordViewModel.m in Sources */,
				BF89762B1E9F57F100592D60 /* ALTableViewController.m in Sources */,
				BF9E08291EA8BE700075EB45 /* EightView.m in Sources */,
			);
			runOnlyForDeploymentPostprocessing = 0;
		};
		BFA0E56B1E9CBA8B00F4445B /* Sources */ = {
			isa = PBXSourcesBuildPhase;
			buildActionMask = 2147483647;
			files = (
				BFA0E5741E9CBA8B00F4445B /* MVVMBaseProjectTests.m in Sources */,
			);
			runOnlyForDeploymentPostprocessing = 0;
		};
		BFA0E5761E9CBA8B00F4445B /* Sources */ = {
			isa = PBXSourcesBuildPhase;
			buildActionMask = 2147483647;
			files = (
				BFA0E57F1E9CBA8B00F4445B /* MVVMBaseProjectUITests.m in Sources */,
			);
			runOnlyForDeploymentPostprocessing = 0;
		};
/* End PBXSourcesBuildPhase section */

/* Begin PBXTargetDependency section */
		BFA0E5711E9CBA8B00F4445B /* PBXTargetDependency */ = {
			isa = PBXTargetDependency;
			target = BFA0E5551E9CBA8B00F4445B /* MVVMBaseProject */;
			targetProxy = BFA0E5701E9CBA8B00F4445B /* PBXContainerItemProxy */;
		};
		BFA0E57C1E9CBA8B00F4445B /* PBXTargetDependency */ = {
			isa = PBXTargetDependency;
			target = BFA0E5551E9CBA8B00F4445B /* MVVMBaseProject */;
			targetProxy = BFA0E57B1E9CBA8B00F4445B /* PBXContainerItemProxy */;
		};
/* End PBXTargetDependency section */

/* Begin XCBuildConfiguration section */
		BFA0E5811E9CBA8B00F4445B /* Debug */ = {
			isa = XCBuildConfiguration;
			buildSettings = {
				ALWAYS_SEARCH_USER_PATHS = NO;
				CLANG_ANALYZER_NONNULL = YES;
				CLANG_ANALYZER_NUMBER_OBJECT_CONVERSION = YES_AGGRESSIVE;
				CLANG_CXX_LANGUAGE_STANDARD = "gnu++0x";
				CLANG_CXX_LIBRARY = "libc++";
				CLANG_ENABLE_MODULES = YES;
				CLANG_ENABLE_OBJC_ARC = YES;
				CLANG_WARN_BOOL_CONVERSION = YES;
				CLANG_WARN_CONSTANT_CONVERSION = YES;
				CLANG_WARN_DIRECT_OBJC_ISA_USAGE = YES_ERROR;
				CLANG_WARN_DOCUMENTATION_COMMENTS = YES;
				CLANG_WARN_EMPTY_BODY = YES;
				CLANG_WARN_ENUM_CONVERSION = YES;
				CLANG_WARN_INFINITE_RECURSION = YES;
				CLANG_WARN_INT_CONVERSION = YES;
				CLANG_WARN_OBJC_ROOT_CLASS = YES_ERROR;
				CLANG_WARN_SUSPICIOUS_MOVE = YES;
				CLANG_WARN_UNREACHABLE_CODE = YES;
				CLANG_WARN__DUPLICATE_METHOD_MATCH = YES;
				"CODE_SIGN_IDENTITY[sdk=iphoneos*]" = "iPhone Developer";
				COPY_PHASE_STRIP = NO;
				DEBUG_INFORMATION_FORMAT = dwarf;
				ENABLE_STRICT_OBJC_MSGSEND = YES;
				ENABLE_TESTABILITY = YES;
				GCC_C_LANGUAGE_STANDARD = gnu99;
				GCC_DYNAMIC_NO_PIC = NO;
				GCC_NO_COMMON_BLOCKS = YES;
				GCC_OPTIMIZATION_LEVEL = 0;
				GCC_PREPROCESSOR_DEFINITIONS = (
					"DEBUG=1",
					"$(inherited)",
				);
				GCC_WARN_64_TO_32_BIT_CONVERSION = YES;
				GCC_WARN_ABOUT_RETURN_TYPE = YES_ERROR;
				GCC_WARN_UNDECLARED_SELECTOR = YES;
				GCC_WARN_UNINITIALIZED_AUTOS = YES_AGGRESSIVE;
				GCC_WARN_UNUSED_FUNCTION = YES;
				GCC_WARN_UNUSED_VARIABLE = YES;
				IPHONEOS_DEPLOYMENT_TARGET = 10.3;
				MTL_ENABLE_DEBUG_INFO = YES;
				ONLY_ACTIVE_ARCH = YES;
				SDKROOT = iphoneos;
			};
			name = Debug;
		};
		BFA0E5821E9CBA8B00F4445B /* Release */ = {
			isa = XCBuildConfiguration;
			buildSettings = {
				ALWAYS_SEARCH_USER_PATHS = NO;
				CLANG_ANALYZER_NONNULL = YES;
				CLANG_ANALYZER_NUMBER_OBJECT_CONVERSION = YES_AGGRESSIVE;
				CLANG_CXX_LANGUAGE_STANDARD = "gnu++0x";
				CLANG_CXX_LIBRARY = "libc++";
				CLANG_ENABLE_MODULES = YES;
				CLANG_ENABLE_OBJC_ARC = YES;
				CLANG_WARN_BOOL_CONVERSION = YES;
				CLANG_WARN_CONSTANT_CONVERSION = YES;
				CLANG_WARN_DIRECT_OBJC_ISA_USAGE = YES_ERROR;
				CLANG_WARN_DOCUMENTATION_COMMENTS = YES;
				CLANG_WARN_EMPTY_BODY = YES;
				CLANG_WARN_ENUM_CONVERSION = YES;
				CLANG_WARN_INFINITE_RECURSION = YES;
				CLANG_WARN_INT_CONVERSION = YES;
				CLANG_WARN_OBJC_ROOT_CLASS = YES_ERROR;
				CLANG_WARN_SUSPICIOUS_MOVE = YES;
				CLANG_WARN_UNREACHABLE_CODE = YES;
				CLANG_WARN__DUPLICATE_METHOD_MATCH = YES;
				"CODE_SIGN_IDENTITY[sdk=iphoneos*]" = "iPhone Developer";
				COPY_PHASE_STRIP = NO;
				DEBUG_INFORMATION_FORMAT = "dwarf-with-dsym";
				ENABLE_NS_ASSERTIONS = NO;
				ENABLE_STRICT_OBJC_MSGSEND = YES;
				GCC_C_LANGUAGE_STANDARD = gnu99;
				GCC_NO_COMMON_BLOCKS = YES;
				GCC_WARN_64_TO_32_BIT_CONVERSION = YES;
				GCC_WARN_ABOUT_RETURN_TYPE = YES_ERROR;
				GCC_WARN_UNDECLARED_SELECTOR = YES;
				GCC_WARN_UNINITIALIZED_AUTOS = YES_AGGRESSIVE;
				GCC_WARN_UNUSED_FUNCTION = YES;
				GCC_WARN_UNUSED_VARIABLE = YES;
				IPHONEOS_DEPLOYMENT_TARGET = 10.3;
				MTL_ENABLE_DEBUG_INFO = NO;
				SDKROOT = iphoneos;
				VALIDATE_PRODUCT = YES;
			};
			name = Release;
		};
		BFA0E5841E9CBA8B00F4445B /* Debug */ = {
			isa = XCBuildConfiguration;
			baseConfigurationReference = 3CFBB9DFCCE2D67AB2D3CF9D /* Pods-MVVMBaseProject.debug.xcconfig */;
			buildSettings = {
				ASSETCATALOG_COMPILER_APPICON_NAME = AppIcon;
				GCC_PREFIX_HEADER = "$(SRCROOT)/MVVMBaseProject/ALBaseProject_Prefix.pch";
				INFOPLIST_FILE = MVVMBaseProject/Info.plist;
				LD_RUNPATH_SEARCH_PATHS = "$(inherited) @executable_path/Frameworks";
				PRODUCT_BUNDLE_IDENTIFIER = com.along.xlshi.MVVMBaseProject;
				PRODUCT_NAME = "$(TARGET_NAME)";
			};
			name = Debug;
		};
		BFA0E5851E9CBA8B00F4445B /* Release */ = {
			isa = XCBuildConfiguration;
			baseConfigurationReference = 54F19E041A2A6341C2793AF7 /* Pods-MVVMBaseProject.release.xcconfig */;
			buildSettings = {
				ASSETCATALOG_COMPILER_APPICON_NAME = AppIcon;
				GCC_PREFIX_HEADER = "$(SRCROOT)/MVVMBaseProject/ALBaseProject_Prefix.pch";
				INFOPLIST_FILE = MVVMBaseProject/Info.plist;
				LD_RUNPATH_SEARCH_PATHS = "$(inherited) @executable_path/Frameworks";
				PRODUCT_BUNDLE_IDENTIFIER = com.along.xlshi.MVVMBaseProject;
				PRODUCT_NAME = "$(TARGET_NAME)";
			};
			name = Release;
		};
		BFA0E5871E9CBA8B00F4445B /* Debug */ = {
			isa = XCBuildConfiguration;
			baseConfigurationReference = 4ECAE4C6C7409A38D95ABDA4 /* Pods-MVVMBaseProjectTests.debug.xcconfig */;
			buildSettings = {
				BUNDLE_LOADER = "$(TEST_HOST)";
				INFOPLIST_FILE = MVVMBaseProjectTests/Info.plist;
				LD_RUNPATH_SEARCH_PATHS = "$(inherited) @executable_path/Frameworks @loader_path/Frameworks";
				PRODUCT_BUNDLE_IDENTIFIER = com.along.xlshi.MVVMBaseProjectTests;
				PRODUCT_NAME = "$(TARGET_NAME)";
				TEST_HOST = "$(BUILT_PRODUCTS_DIR)/MVVMBaseProject.app/MVVMBaseProject";
			};
			name = Debug;
		};
		BFA0E5881E9CBA8B00F4445B /* Release */ = {
			isa = XCBuildConfiguration;
			baseConfigurationReference = 7CCCE110F6DC642241874FF3 /* Pods-MVVMBaseProjectTests.release.xcconfig */;
			buildSettings = {
				BUNDLE_LOADER = "$(TEST_HOST)";
				INFOPLIST_FILE = MVVMBaseProjectTests/Info.plist;
				LD_RUNPATH_SEARCH_PATHS = "$(inherited) @executable_path/Frameworks @loader_path/Frameworks";
				PRODUCT_BUNDLE_IDENTIFIER = com.along.xlshi.MVVMBaseProjectTests;
				PRODUCT_NAME = "$(TARGET_NAME)";
				TEST_HOST = "$(BUILT_PRODUCTS_DIR)/MVVMBaseProject.app/MVVMBaseProject";
			};
			name = Release;
		};
		BFA0E58A1E9CBA8B00F4445B /* Debug */ = {
			isa = XCBuildConfiguration;
			baseConfigurationReference = ED70D1C7F711A4E2D29EAF3B /* Pods-MVVMBaseProjectUITests.debug.xcconfig */;
			buildSettings = {
				INFOPLIST_FILE = MVVMBaseProjectUITests/Info.plist;
				LD_RUNPATH_SEARCH_PATHS = "$(inherited) @executable_path/Frameworks @loader_path/Frameworks";
				PRODUCT_BUNDLE_IDENTIFIER = com.along.xlshi.MVVMBaseProjectUITests;
				PRODUCT_NAME = "$(TARGET_NAME)";
				TEST_TARGET_NAME = MVVMBaseProject;
			};
			name = Debug;
		};
		BFA0E58B1E9CBA8B00F4445B /* Release */ = {
			isa = XCBuildConfiguration;
			baseConfigurationReference = 0ECEF6D57D1B7CAF1E079059 /* Pods-MVVMBaseProjectUITests.release.xcconfig */;
			buildSettings = {
				INFOPLIST_FILE = MVVMBaseProjectUITests/Info.plist;
				LD_RUNPATH_SEARCH_PATHS = "$(inherited) @executable_path/Frameworks @loader_path/Frameworks";
				PRODUCT_BUNDLE_IDENTIFIER = com.along.xlshi.MVVMBaseProjectUITests;
				PRODUCT_NAME = "$(TARGET_NAME)";
				TEST_TARGET_NAME = MVVMBaseProject;
			};
			name = Release;
		};
/* End XCBuildConfiguration section */

/* Begin XCConfigurationList section */
		BFA0E5511E9CBA8B00F4445B /* Build configuration list for PBXProject "MVVMBaseProject" */ = {
			isa = XCConfigurationList;
			buildConfigurations = (
				BFA0E5811E9CBA8B00F4445B /* Debug */,
				BFA0E5821E9CBA8B00F4445B /* Release */,
			);
			defaultConfigurationIsVisible = 0;
			defaultConfigurationName = Release;
		};
		BFA0E5831E9CBA8B00F4445B /* Build configuration list for PBXNativeTarget "MVVMBaseProject" */ = {
			isa = XCConfigurationList;
			buildConfigurations = (
				BFA0E5841E9CBA8B00F4445B /* Debug */,
				BFA0E5851E9CBA8B00F4445B /* Release */,
			);
			defaultConfigurationIsVisible = 0;
			defaultConfigurationName = Release;
		};
		BFA0E5861E9CBA8B00F4445B /* Build configuration list for PBXNativeTarget "MVVMBaseProjectTests" */ = {
			isa = XCConfigurationList;
			buildConfigurations = (
				BFA0E5871E9CBA8B00F4445B /* Debug */,
				BFA0E5881E9CBA8B00F4445B /* Release */,
			);
			defaultConfigurationIsVisible = 0;
			defaultConfigurationName = Release;
		};
		BFA0E5891E9CBA8B00F4445B /* Build configuration list for PBXNativeTarget "MVVMBaseProjectUITests" */ = {
			isa = XCConfigurationList;
			buildConfigurations = (
				BFA0E58A1E9CBA8B00F4445B /* Debug */,
				BFA0E58B1E9CBA8B00F4445B /* Release */,
			);
			defaultConfigurationIsVisible = 0;
			defaultConfigurationName = Release;
		};
/* End XCConfigurationList section */
	};
	rootObject = BFA0E54E1E9CBA8B00F4445B /* Project object */;
}
